#MicroXplorer Configuration settings - do not modify
Mcu.Family=STM32F4
ProjectManager.MainLocation=Src
PB13.GPIOParameters=GPIO_Label
ADC2.ExternalTrigConv=ADC_SOFTWARE_START
PA6.Mode=Full_Duplex_Master
PC7.GPIOParameters=GPIO_Label
PH0-OSC_IN.Signal=RCC_OSC_IN
USART2.IPParameters=VirtualMode,BaudRate
RCC.CortexFreq_Value=168000000
SPI3.Direction=SPI_DIRECTION_2LINES
SPI3.VirtualType=VM_MASTER
ProjectManager.KeepUserCode=true
Mcu.UserName=STM32F405RGTx
SPI1.VirtualType=VM_MASTER
SPI2.VirtualType=VM_MASTER
ADC1.ContinuousConvMode=ENABLE
PC12.Locked=true
USART1.BaudRate=9600
PC10.Locked=true
RCC.PLLCLKFreq_Value=168000000
PC10.Signal=SPI3_SCK
PC12.Signal=SPI3_MOSI
PB14.GPIO_Label=BARO_SPI_MISO
RCC.PLLQCLKFreq_Value=84000000
PC5.Locked=true
PC7.Locked=true
PA12.GPIOParameters=GPIO_Label
ProjectManager.functionlistsort=1-MX_GPIO_Init-GPIO-false-HAL-true,2-SystemClock_Config-RCC-false-HAL-true,3-MX_ADC1_Init-ADC1-false-HAL-true,4-MX_ADC2_Init-ADC2-false-HAL-true,5-MX_SPI1_Init-SPI1-false-HAL-true,6-MX_SPI3_Init-SPI3-false-HAL-true,7-MX_SPI2_Init-SPI2-false-HAL-true,8-MX_USART1_UART_Init-USART1-false-HAL-true,9-MX_USART2_UART_Init-USART2-false-HAL-true,10-MX_UART4_Init-UART4-false-HAL-true,11-MX_ADC3_Init-ADC3-false-HAL-true
PC0.GPIOParameters=GPIO_Label
PA11.GPIOParameters=GPIO_Label
PC0.GPIO_Label=BATT_SENSE_ADC
PC6.GPIO_Label=BARO_CS
PC3.Locked=true
RCC.RTCFreq_Value=32000
PC9.Locked=true
PA3.GPIOParameters=GPIO_Label
PA6.GPIO_Label=IMU_SPI_MISO
PB0.GPIO_Label=COMBUSTION_CHAMBER_ADC
PB6.GPIO_Label=RADIO_UART_TX
PD2.Locked=true
PD2.GPIOParameters=GPIO_Label
USART1.IPParameters=VirtualMode,BaudRate
PB13.GPIO_Label=BARO_SPI_SCK
PB13.Signal=SPI2_SCK
PB15.Signal=SPI2_MOSI
ADC3.Channel-0\#ChannelRegularConversion=ADC_CHANNEL_10
ADC2.DiscontinuousConvMode=DISABLE
PA2.GPIOParameters=GPIO_Label
PinOutPanel.RotationAngle=0
RCC.SYSCLKSource=RCC_SYSCLKSOURCE_PLLCLK
ProjectManager.StackSize=0x400
Mcu.IP4=FREERTOS
Mcu.IP5=NVIC
RCC.FCLKCortexFreq_Value=168000000
Mcu.IP2=ADC3
NVIC.SVCall_IRQn=true\:0\:0\:false\:false\:false\:false\:false\:false
Mcu.IP3=CRC
PA15.GPIO_Label=SD1_CS
Mcu.IP0=ADC1
PA12.Locked=true
Mcu.IP1=ADC2
PA12.Signal=GPIO_Output
SPI1.CLKPolarity=SPI_POLARITY_HIGH
Mcu.UserConstants=
ADC2.DMAContinuousRequests=DISABLE
Mcu.ThirdPartyNb=0
SPI1.Direction=SPI_DIRECTION_2LINES
UART4.BaudRate=9600
RCC.HCLKFreq_Value=168000000
Mcu.IPNb=14
ADC1.Resolution=ADC_RESOLUTION_12B
RCC.I2SClocksFreq_Value=192000000
ProjectManager.PreviousToolchain=SW4STM32
RCC.APB2TimFreq_Value=42000000
PB6.Signal=USART1_TX
RCC.VcooutputI2S=192000000
PC7.Signal=GPIO_Output
ADC1.InjNumberOfConversion=0
PB6.Mode=Asynchronous
SPI1.CalculateBaudRate=82.031 KBits/s
PC3.Signal=GPIO_Input
Mcu.Pin6=PA2
Mcu.Pin7=PA3
Mcu.Pin8=PA4
Mcu.Pin9=PA5
FREERTOS.IPParameters=Tasks01,INCLUDE_vTaskDelayUntil,FootprintOK,configMAX_TASK_NAME_LEN
ADC2.EOCSelection=ADC_EOC_SEQ_CONV
RCC.AHBFreq_Value=168000000
SPI2.BaudRatePrescaler=SPI_BAUDRATEPRESCALER_256
PH0-OSC_IN.Mode=HSE-External-Oscillator
PB13.Locked=true
Mcu.Pin0=PH0-OSC_IN
Mcu.Pin1=PH1-OSC_OUT
Mcu.Pin2=PC0
Mcu.Pin3=PC3
PA0-WKUP.GPIOParameters=GPIO_Label
Mcu.Pin4=PA0-WKUP
Mcu.Pin5=PA1
ProjectManager.ProjectBuild=false
RCC.HSE_VALUE=8000000
NVIC.UsageFault_IRQn=true\:0\:0\:false\:false\:true\:false\:false\:false
NVIC.DebugMonitor_IRQn=true\:0\:0\:false\:false\:true\:false\:false\:false
PB2.Signal=GPIO_Output
ADC1.ScanConvMode=DISABLE
PA4.Locked=true
Mcu.IP10=SYS
NVIC.SysTick_IRQn=true\:15\:0\:false\:false\:false\:true\:false\:true
Mcu.IP12=USART1
Mcu.IP11=UART4
ADC2.SamplingTime-68\#ChannelRegularConversion=ADC_SAMPLETIME_480CYCLES
PB12.GPIO_Label=ACCEL_CS
ProjectManager.FirmwarePackage=STM32Cube FW_F4 V1.24.2
MxDb.Version=DB.5.0.40
PB0.GPIOParameters=GPIO_Label
PA1.GPIOParameters=GPIO_Label
Mcu.IP13=USART2
ProjectManager.BackupPrevious=false
RCC.VCOInputFreq_Value=2000000
PC4.GPIO_Label=MAG_CS
PB14.Mode=Full_Duplex_Master
VP_SYS_VS_tim1.Mode=TIM1
PB1.GPIO_Label=OXIDIZER_TANK_ADC
PC11.GPIO_Label=SD_SPI_MISO
ADC3.ContinuousConvMode=ENABLE
File.Version=6
SH.ADCx_IN8.0=ADC1_IN8,IN8
SPI2.CalculateBaudRate=82.031 KBits/s
ADC2.EnableAnalogWatchDog=false
ADC3.IPParameters=Rank-0\#ChannelRegularConversion,Channel-0\#ChannelRegularConversion,SamplingTime-0\#ChannelRegularConversion,NbrOfConversionFlag,ContinuousConvMode,EOCSelection
PB7.Signal=USART1_RX
PB6.Locked=true
NVIC.PendSV_IRQn=true\:15\:0\:false\:false\:false\:true\:false\:false
VP_FREERTOS_VS_CMSIS_V1.Mode=CMSIS_V1
PB6.GPIOParameters=GPIO_Label
ProjectManager.HalAssertFull=false
PB0.Locked=true
ProjectManager.ProjectName=AvionicsSoftware
PH1-OSC_OUT.Mode=HSE-External-Oscillator
PB7.GPIO_Label=RADIO_UART_RX
RCC.MCO2PinFreq_Value=168000000
PC8.GPIOParameters=GPIO_Label
Mcu.Package=LQFP64
PB1.Signal=ADCx_IN9
PA6.Signal=SPI1_MISO
PA7.Locked=true
PA5.Locked=true
NVIC.TimeBase=TIM1_UP_TIM10_IRQn
SPI2.Mode=SPI_MODE_MASTER
SPI3.Mode=SPI_MODE_MASTER
USART2.VirtualMode=VM_ASYNC
PA14.Locked=true
ProjectManager.ToolChainLocation=
PA2.GPIO_Label=LAUNCH_SYS_UART_TX
RCC.LSI_VALUE=32000
ADC3.Rank-0\#ChannelRegularConversion=1
NVIC.TimeBaseIP=TIM1
FREERTOS.FootprintOK=true
PA15.Signal=GPIO_Output
PA5.GPIOParameters=GPIO_Label
PC11.Mode=Full_Duplex_Master
PB14.GPIOParameters=GPIO_Label
SH.ADCx_IN9.0=ADC2_IN9,IN9
RCC.APB2CLKDivider=RCC_HCLK_DIV8
ADC2.Channel-68\#ChannelRegularConversion=ADC_CHANNEL_9
ADC2.NbrOfConversion=1
RCC.APB1TimFreq_Value=42000000
NVIC.BusFault_IRQn=true\:0\:0\:false\:false\:true\:false\:false\:false
PC4.Locked=true
SPI3.IPParameters=VirtualType,Mode,Direction,CalculateBaudRate
SPI2.Direction=SPI_DIRECTION_2LINES
PC5.Signal=GPIO_Output
SH.ADCx_IN9.ConfNb=1
PB13.Mode=Full_Duplex_Master
FREERTOS.configMAX_TASK_NAME_LEN=64
SPI1.BaudRatePrescaler=SPI_BAUDRATEPRESCALER_256
PA4.GPIO_Label=IMU_CS
ADC1.EOCSelection=ADC_EOC_SEQ_CONV
ProjectManager.CustomerFirmwarePackage=
PC4.GPIOParameters=GPIO_Label
ADC2.ScanConvMode=DISABLE
PB15.Locked=true
PB3.Locked=true
PA3.Signal=USART2_RX
PA5.Mode=Full_Duplex_Master
PA6.GPIOParameters=GPIO_Label
ADC2.ClockPrescaler=ADC_CLOCK_SYNC_PCLK_DIV2
RCC.PLLSourceVirtual=RCC_PLLSOURCE_HSE
ProjectManager.ProjectFileName=AvionicsSoftware.ioc
FREERTOS.Tasks01=defaultTask,0,128,StartDefaultTask,Default,NULL
PA7.Mode=Full_Duplex_Master
UART4.IPParameters=VirtualMode,BaudRate
PA15.GPIOParameters=GPIO_Label
PC10.GPIO_Label=SD_SPI_SCK
Mcu.PinsNb=40
ADC1.Channel-58\#ChannelRegularConversion=ADC_CHANNEL_8
PC9.GPIO_Label=DROGUE_PARACHUTE_TEMP
ProjectManager.NoMain=false
PC11.Locked=true
SPI1.IPParameters=VirtualType,Mode,Direction,CalculateBaudRate,CLKPhase,CLKPolarity,BaudRatePrescaler
ADC1.IPParameters=Rank-58\#ChannelRegularConversion,Channel-58\#ChannelRegularConversion,SamplingTime-58\#ChannelRegularConversion,NbrOfConversionFlag,master,ContinuousConvMode,EOCSelection,ExternalTrigConv,ClockPrescaler,Resolution,DataAlign,ScanConvMode,DiscontinuousConvMode,DMAContinuousRequests,NbrOfConversion,ExternalTrigConvEdge,InjNumberOfConversion,EnableAnalogWatchDog
PC11.Signal=SPI3_MISO
FREERTOS.INCLUDE_vTaskDelayUntil=1
PC8.Signal=GPIO_Output
PC4.Signal=GPIO_Output
PC6.Signal=GPIO_Output
PC10.Mode=Full_Duplex_Master
ADC1.DiscontinuousConvMode=DISABLE
PA11.GPIO_Label=PROPULSION_3_VALVE
ProjectManager.DefaultFWLocation=true
SPI1.CLKPhase=SPI_PHASE_2EDGE
PB12.Locked=true
ProjectManager.DeletePrevious=true
ADC1.ExternalTrigConvEdge=ADC_EXTERNALTRIGCONVEDGE_NONE
PC0.Signal=ADCx_IN10
PB14.Locked=true
RCC.APB1CLKDivider=RCC_HCLK_DIV8
UART4.VirtualMode=Asynchronous
PC11.GPIOParameters=GPIO_Label
NVIC.USART2_IRQn=true\:5\:0\:false\:false\:true\:true\:true\:true
USART2.BaudRate=9600
PA12.GPIO_Label=INJECTION_VALVE
RCC.FamilyName=M
PA0-WKUP.GPIO_Label=GPS_UART_TX
PA0-WKUP.Signal=UART4_TX
PC3.GPIOParameters=GPIO_Label
PA0-WKUP.Mode=Asynchronous
PC8.GPIO_Label=MAIN_PARACHUTE
PC12.GPIOParameters=GPIO_Label
PA3.Mode=Asynchronous
PA13.Signal=SYS_JTMS-SWDIO
VP_FREERTOS_VS_CMSIS_V1.Signal=FREERTOS_VS_CMSIS_V1
PA11.Locked=true
PA15.Locked=true
ADC3.SamplingTime-0\#ChannelRegularConversion=ADC_SAMPLETIME_480CYCLES
ADC2.ContinuousConvMode=ENABLE
ProjectManager.TargetToolchain=SW4STM32
VP_CRC_VS_CRC.Signal=CRC_VS_CRC
PB7.GPIOParameters=GPIO_Label
ADC2.IPParameters=Rank-68\#ChannelRegularConversion,Channel-68\#ChannelRegularConversion,SamplingTime-68\#ChannelRegularConversion,NbrOfConversionFlag,ContinuousConvMode,EOCSelection,ExternalTrigConv,ClockPrescaler,Resolution,DataAlign,ScanConvMode,DiscontinuousConvMode,DMAContinuousRequests,NbrOfConversion,ExternalTrigConvEdge,InjNumberOfConversion,EnableAnalogWatchDog
PC5.GPIOParameters=GPIO_Label
PC6.Locked=true
PB2.GPIOParameters=GPIO_Label
ADC1.Rank-58\#ChannelRegularConversion=1
SPI2.IPParameters=VirtualType,Mode,Direction,CalculateBaudRate,BaudRatePrescaler
RCC.LSE_VALUE=32768
PA1.Signal=UART4_RX
PB1.Locked=true
RCC.VCOI2SOutputFreq_Value=384000000
PB14.Signal=SPI2_MISO
PA5.Signal=SPI1_SCK
PC12.Mode=Full_Duplex_Master
board=VanderAvionics
RCC.VCOOutputFreq_Value=336000000
ProjectManager.LastFirmware=true
PB15.Mode=Full_Duplex_Master
ADC1.EnableAnalogWatchDog=false
ADC2.DataAlign=ADC_DATAALIGN_RIGHT
RCC.APB2Freq_Value=21000000
PA1.Mode=Asynchronous
SPI3.CalculateBaudRate=10.5 MBits/s
MxCube.Version=5.4.0
Mcu.Pin37=VP_CRC_VS_CRC
Mcu.Pin38=VP_FREERTOS_VS_CMSIS_V1
PB15.GPIO_Label=BARO_SPI_MOSI
Mcu.Pin35=PB6
Mcu.Pin36=PB7
VP_SYS_VS_tim1.Signal=SYS_VS_tim1
SPI1.Mode=SPI_MODE_MASTER
Mcu.Pin39=VP_SYS_VS_tim1
SH.ADCx_IN10.ConfNb=1
Mcu.Pin30=PC10
PA1.GPIO_Label=GPS_UART_RX
RCC.EthernetFreq_Value=168000000
Mcu.Pin33=PD2
PH1-OSC_OUT.Signal=RCC_OSC_OUT
Mcu.Pin34=PB3
Mcu.Pin31=PC11
Mcu.Pin32=PC12
NVIC.NonMaskableInt_IRQn=true\:0\:0\:false\:false\:true\:false\:false\:false
PA4.GPIOParameters=GPIO_Label
PC10.GPIOParameters=GPIO_Label
ADC1.DMAContinuousRequests=DISABLE
SH.ADCx_IN8.ConfNb=1
PB15.GPIOParameters=GPIO_Label
ADC1.NbrOfConversion=1
ProjectManager.FreePins=true
RCC.IPParameters=48MHZClocksFreq_Value,AHBFreq_Value,APB1CLKDivider,APB1Freq_Value,APB1TimFreq_Value,APB2CLKDivider,APB2Freq_Value,APB2TimFreq_Value,CortexFreq_Value,EthernetFreq_Value,FCLKCortexFreq_Value,FamilyName,HCLKFreq_Value,HSE_VALUE,HSI_VALUE,I2SClocksFreq_Value,LSE_VALUE,LSI_VALUE,MCO2PinFreq_Value,PLLCLKFreq_Value,PLLM,PLLN,PLLQCLKFreq_Value,PLLSourceVirtual,RTCFreq_Value,RTCHSEDivFreq_Value,SYSCLKFreq_VALUE,SYSCLKSource,VCOI2SOutputFreq_Value,VCOInputFreq_Value,VCOOutputFreq_Value,VcooutputI2S
PC9.GPIOParameters=GPIO_Label
ADC1.SamplingTime-58\#ChannelRegularConversion=ADC_SAMPLETIME_480CYCLES
ProjectManager.AskForMigrate=false
Mcu.Name=STM32F405RGTx
ADC2.Resolution=ADC_RESOLUTION_12B
Mcu.Pin26=PA12
Mcu.Pin27=PA13
ADC2.Rank-68\#ChannelRegularConversion=1
RCC.RTCHSEDivFreq_Value=4000000
PA2.Signal=USART2_TX
Mcu.Pin24=PC9
ProjectManager.UnderRoot=true
Mcu.Pin25=PA11
PB2.Locked=true
Mcu.IP8=SPI2
ADC1.ExternalTrigConv=ADC_SOFTWARE_START
Mcu.IP9=SPI3
PC7.GPIO_Label=MUX_POWER_TEMP
Mcu.Pin28=PA14
Mcu.IP6=RCC
Mcu.Pin29=PA15
Mcu.IP7=SPI1
ProjectManager.CoupleFile=false
RCC.48MHZClocksFreq_Value=84000000
PB3.Signal=SYS_JTDO-SWO
PA4.Signal=GPIO_Output
RCC.SYSCLKFreq_VALUE=168000000
Mcu.Pin22=PC7
Mcu.Pin23=PC8
PA7.GPIO_Label=IMU_SPI_MOSI
Mcu.Pin20=PB15
ADC1.master=1
Mcu.Pin21=PC6
PA5.GPIO_Label=IMU_SPI_SCK
ADC2.NbrOfConversionFlag=1
NVIC.ForceEnableDMAVector=true
KeepUserPlacement=false
PC5.GPIO_Label=LED1
NVIC.MemoryManagement_IRQn=true\:0\:0\:false\:false\:true\:false\:false\:false
PA13.Locked=true
PC12.GPIO_Label=SD_SPI_MOSI
USART1.VirtualMode=VM_ASYNC
ProjectManager.CompilerOptimize=6
PA11.Signal=GPIO_Output
PB7.Mode=Asynchronous
PA14.Signal=SYS_JTCK-SWCLK
PB2.GPIO_Label=LED2
SH.ADCx_IN10.0=ADC3_IN10,IN10
ProjectManager.HeapSize=0x200
Mcu.Pin15=PB1
NVIC.HardFault_IRQn=true\:0\:0\:false\:false\:true\:false\:false\:false
Mcu.Pin16=PB2
ADC3.EOCSelection=ADC_EOC_SEQ_CONV
Mcu.Pin13=PC5
PC6.GPIOParameters=GPIO_Label
Mcu.Pin14=PB0
Mcu.Pin19=PB14
NVIC.TIM1_UP_TIM10_IRQn=true\:0\:0\:false\:false\:true\:false\:false\:true
ProjectManager.ComputerToolchain=false
Mcu.Pin17=PB12
RCC.HSI_VALUE=16000000
Mcu.Pin18=PB13
ADC2.ExternalTrigConvEdge=ADC_EXTERNALTRIGCONVEDGE_NONE
NVIC.PriorityGroup=NVIC_PRIORITYGROUP_4
ADC1.NbrOfConversionFlag=1
Mcu.Pin11=PA7
Mcu.Pin12=PC4
RCC.PLLM=4
RCC.PLLN=168
Mcu.Pin10=PA6
PB7.Locked=true
PA2.Mode=Asynchronous
PC3.GPIO_Label=LAUNCH
PC8.Locked=true
PC9.Signal=GPIO_Output
PD2.Signal=GPIO_Output
ADC1.DataAlign=ADC_DATAALIGN_RIGHT
RCC.APB1Freq_Value=21000000
ADC3.NbrOfConversionFlag=1
VP_CRC_VS_CRC.Mode=CRC_Activate
PB0.Signal=ADCx_IN8
ADC1.ClockPrescaler=ADC_CLOCK_SYNC_PCLK_DIV2
ADC2.InjNumberOfConversion=0
PA7.GPIOParameters=GPIO_Label
PC0.Locked=true
ProjectManager.DeviceId=STM32F405RGTx
PB12.GPIOParameters=GPIO_Label
PB12.Signal=GPIO_Output
PD2.GPIO_Label=LOWER_VENT_VALVE
ProjectManager.LibraryCopy=1
PA3.GPIO_Label=LAUNCH_SYS_UART_RX
PB1.GPIOParameters=GPIO_Label
PA7.Signal=SPI1_MOSI
PA6.Locked=true
