<?xml version="1.0" encoding="utf-8"?>
<Project ToolsVersion="4.0" xmlns="http://schemas.microsoft.com/developer/msbuild/2003">
  <ItemGroup>
    <Filter Include="Source Files">
      <UniqueIdentifier>{4FC737F1-C7A5-4376-A066-2A32D752A2FF}</UniqueIdentifier>
      <Extensions>cpp;c;cc;cxx;c++;cppm;ixx;def;odl;idl;hpj;bat;asm;asmx</Extensions>
    </Filter>
    <Filter Include="Header Files">
      <UniqueIdentifier>{93995380-89BD-4b04-88EB-625FBE52EBFB}</UniqueIdentifier>
      <Extensions>h;hh;hpp;hxx;h++;hm;inl;inc;ipp;xsd</Extensions>
    </Filter>
    <Filter Include="Resource Files">
      <UniqueIdentifier>{67DA6AB6-F800-4c08-8B7A-83BB121AAD01}</UniqueIdentifier>
      <Extensions>rc;ico;cur;bmp;dlg;rc2;rct;bin;rgs;gif;jpg;jpeg;jpe;resx;tiff;tif;png;wav;mfcribbon-ms</Extensions>
    </Filter>
    <Filter Include="Source Files\Components">
      <UniqueIdentifier>{4064cdf4-b4fe-4b24-ac54-19516d9c06dd}</UniqueIdentifier>
    </Filter>
    <Filter Include="Source Files\Components\SoarDebug">
      <UniqueIdentifier>{b6e9a4c6-b6cf-41f8-8280-3f617deb30ac}</UniqueIdentifier>
    </Filter>
    <Filter Include="Source Files\Components\Core">
      <UniqueIdentifier>{fd5aa63a-2cf1-4ee7-97c1-5b8eea1d2436}</UniqueIdentifier>
    </Filter>
    <Filter Include="Source Files\Components\Core\Inc">
      <UniqueIdentifier>{22d257b0-a096-41d2-9b01-4cc6280000c5}</UniqueIdentifier>
    </Filter>
    <Filter Include="Source Files\Core_RTOS">
      <UniqueIdentifier>{e3657de1-2498-4d24-802a-18c75ece521b}</UniqueIdentifier>
    </Filter>
    <Filter Include="Source Files\Core_CubeIDE">
      <UniqueIdentifier>{cedffa56-9410-4514-91f0-d6b6d2776dba}</UniqueIdentifier>
    </Filter>
    <Filter Include="Source Files\Core_CubeIDE\Inc">
      <UniqueIdentifier>{cd666100-9f8d-4016-814c-a47f6e805e4b}</UniqueIdentifier>
    </Filter>
    <Filter Include="Source Files\Core_CubeIDE\Src">
      <UniqueIdentifier>{c3871673-0185-4f42-a43d-0f2797f1876c}</UniqueIdentifier>
    </Filter>
    <Filter Include="Source Files\Components\SoarDebug\Inc">
      <UniqueIdentifier>{987b358d-9b93-4180-9409-db43f59fad24}</UniqueIdentifier>
    </Filter>
    <Filter Include="Source Files\Components\FlightControl">
      <UniqueIdentifier>{5fd20c94-3e9e-4366-9f65-d6cb9e67deb5}</UniqueIdentifier>
    </Filter>
    <Filter Include="Source Files\Components\FlightControl\Inc">
      <UniqueIdentifier>{521f33f6-956a-4b0f-8751-e7f1d6295574}</UniqueIdentifier>
    </Filter>
    <Filter Include="Source Files\Components\Communication">
      <UniqueIdentifier>{2f67f104-8f51-424d-9afd-f4852bb2358e}</UniqueIdentifier>
    </Filter>
    <Filter Include="Source Files\Components\Communication\Inc">
      <UniqueIdentifier>{bb4a71ab-b042-4209-b1c5-5a3760756c6c}</UniqueIdentifier>
    </Filter>
    <Filter Include="Source Files\Libraries">
      <UniqueIdentifier>{e4b3b680-ff38-4201-9176-8ffd6ea1b349}</UniqueIdentifier>
    </Filter>
    <Filter Include="Source Files\Libraries\embedded-template-library">
      <UniqueIdentifier>{84dd1187-e91e-4a02-ad2a-664bff715bec}</UniqueIdentifier>
    </Filter>
    <Filter Include="Source Files\Components\Sensors">
      <UniqueIdentifier>{55d4aad5-e8ff-4124-9a84-d0615596e5d9}</UniqueIdentifier>
    </Filter>
    <Filter Include="Source Files\Components\Sensors\Inc">
      <UniqueIdentifier>{c144919d-e821-4914-a74b-aa665f312a1e}</UniqueIdentifier>
    </Filter>
    <Filter Include="Source Files\Components\SoarProtocol">
      <UniqueIdentifier>{b43b50d0-9348-4443-bf3c-39856715f15b}</UniqueIdentifier>
    </Filter>
    <Filter Include="Source Files\Components\SoarProtocol\SoarProto">
      <UniqueIdentifier>{e2e4583a-090a-4e89-b4fa-50aaeaebecbf}</UniqueIdentifier>
    </Filter>
    <Filter Include="Source Files\Components\SoarProtocol\SoarProto\_C++">
      <UniqueIdentifier>{7233d0ec-a313-4fee-9342-88ce0ae3c2b4}</UniqueIdentifier>
    </Filter>
    <Filter Include="Source Files\Components\SoarProtocol\SoarProto\_EmbeddedProtoLib">
      <UniqueIdentifier>{4f647295-319e-4df6-95db-673ff5a337e7}</UniqueIdentifier>
    </Filter>
  </ItemGroup>
  <ItemGroup>
    <ClCompile Include="AvionicsSoftware.cpp">
      <Filter>Source Files</Filter>
    </ClCompile>
    <ClCompile Include="..\..\Components\Core\Task.cpp">
      <Filter>Source Files\Components\Core</Filter>
    </ClCompile>
    <ClCompile Include="..\..\Core\Src\stm32f4xx_hal_timebase_tim.c">
      <Filter>Source Files\Core_RTOS</Filter>
    </ClCompile>
    <ClCompile Include="..\..\Core\Src\stm32f4xx_it.c">
      <Filter>Source Files\Core_RTOS</Filter>
    </ClCompile>
    <ClCompile Include="..\..\Core\Src\system_stm32f4xx.c">
      <Filter>Source Files\Core_RTOS</Filter>
    </ClCompile>
    <ClCompile Include="..\..\Core\Src\freertos.c">
      <Filter>Source Files\Core_RTOS</Filter>
    </ClCompile>
    <ClCompile Include="..\..\Core\Src\stm32f4xx_hal_msp.c">
      <Filter>Source Files\Core_RTOS</Filter>
    </ClCompile>
    <ClCompile Include="..\..\Components\Core\Queue.cpp">
      <Filter>Source Files\Components\Core</Filter>
    </ClCompile>
    <ClCompile Include="..\..\Components\Core\Command.cpp">
      <Filter>Source Files\Components\Core</Filter>
    </ClCompile>
    <ClCompile Include="..\..\Middlewares\Third_Party\FreeRTOS\Source\CMSIS_RTOS\cmsis_os.c">
      <Filter>Source Files\Core_RTOS</Filter>
    </ClCompile>
    <ClCompile Include="..\..\Middlewares\Third_Party\FreeRTOS\Source\croutine.c">
      <Filter>Source Files\Core_RTOS</Filter>
    </ClCompile>
    <ClCompile Include="..\..\Middlewares\Third_Party\FreeRTOS\Source\event_groups.c">
      <Filter>Source Files\Core_RTOS</Filter>
    </ClCompile>
    <ClCompile Include="..\..\Middlewares\Third_Party\FreeRTOS\Source\list.c">
      <Filter>Source Files\Core_RTOS</Filter>
    </ClCompile>
    <ClCompile Include="..\..\Middlewares\Third_Party\FreeRTOS\Source\portable\GCC\ARM_CM4F\port.c">
      <Filter>Source Files\Core_RTOS</Filter>
    </ClCompile>
    <ClCompile Include="..\..\Middlewares\Third_Party\FreeRTOS\Source\portable\MemMang\heap_4.c">
      <Filter>Source Files\Core_RTOS</Filter>
    </ClCompile>
    <ClCompile Include="..\..\Middlewares\Third_Party\FreeRTOS\Source\queue.c">
      <Filter>Source Files\Core_RTOS</Filter>
    </ClCompile>
    <ClCompile Include="..\..\Middlewares\Third_Party\FreeRTOS\Source\stream_buffer.c">
      <Filter>Source Files\Core_RTOS</Filter>
    </ClCompile>
    <ClCompile Include="..\..\Middlewares\Third_Party\FreeRTOS\Source\tasks.c">
      <Filter>Source Files\Core_RTOS</Filter>
    </ClCompile>
    <ClCompile Include="..\..\Middlewares\Third_Party\FreeRTOS\Source\timers.c">
      <Filter>Source Files\Core_RTOS</Filter>
    </ClCompile>
    <ClCompile Include="..\..\Drivers\STM32F4xx_HAL_Driver\Src\stm32f4xx_hal.c">
      <Filter>Source Files\Core_RTOS</Filter>
    </ClCompile>
    <ClCompile Include="..\..\Drivers\STM32F4xx_HAL_Driver\Src\stm32f4xx_hal_adc.c">
      <Filter>Source Files\Core_RTOS</Filter>
    </ClCompile>
    <ClCompile Include="..\..\Drivers\STM32F4xx_HAL_Driver\Src\stm32f4xx_hal_adc_ex.c">
      <Filter>Source Files\Core_RTOS</Filter>
    </ClCompile>
    <ClCompile Include="..\..\Drivers\STM32F4xx_HAL_Driver\Src\stm32f4xx_hal_cortex.c">
      <Filter>Source Files\Core_RTOS</Filter>
    </ClCompile>
    <ClCompile Include="..\..\Drivers\STM32F4xx_HAL_Driver\Src\stm32f4xx_hal_crc.c">
      <Filter>Source Files\Core_RTOS</Filter>
    </ClCompile>
    <ClCompile Include="..\..\Drivers\STM32F4xx_HAL_Driver\Src\stm32f4xx_hal_dma.c">
      <Filter>Source Files\Core_RTOS</Filter>
    </ClCompile>
    <ClCompile Include="..\..\Drivers\STM32F4xx_HAL_Driver\Src\stm32f4xx_hal_dma_ex.c">
      <Filter>Source Files\Core_RTOS</Filter>
    </ClCompile>
    <ClCompile Include="..\..\Drivers\STM32F4xx_HAL_Driver\Src\stm32f4xx_hal_exti.c">
      <Filter>Source Files\Core_RTOS</Filter>
    </ClCompile>
    <ClCompile Include="..\..\Drivers\STM32F4xx_HAL_Driver\Src\stm32f4xx_hal_flash.c">
      <Filter>Source Files\Core_RTOS</Filter>
    </ClCompile>
    <ClCompile Include="..\..\Drivers\STM32F4xx_HAL_Driver\Src\stm32f4xx_hal_flash_ex.c">
      <Filter>Source Files\Core_RTOS</Filter>
    </ClCompile>
    <ClCompile Include="..\..\Drivers\STM32F4xx_HAL_Driver\Src\stm32f4xx_hal_flash_ramfunc.c">
      <Filter>Source Files\Core_RTOS</Filter>
    </ClCompile>
    <ClCompile Include="..\..\Drivers\STM32F4xx_HAL_Driver\Src\stm32f4xx_hal_gpio.c">
      <Filter>Source Files\Core_RTOS</Filter>
    </ClCompile>
    <ClCompile Include="..\..\Drivers\STM32F4xx_HAL_Driver\Src\stm32f4xx_hal_i2c.c">
      <Filter>Source Files\Core_RTOS</Filter>
    </ClCompile>
    <ClCompile Include="..\..\Drivers\STM32F4xx_HAL_Driver\Src\stm32f4xx_hal_i2c_ex.c">
      <Filter>Source Files\Core_RTOS</Filter>
    </ClCompile>
    <ClCompile Include="..\..\Drivers\STM32F4xx_HAL_Driver\Src\stm32f4xx_hal_pwr.c">
      <Filter>Source Files\Core_RTOS</Filter>
    </ClCompile>
    <ClCompile Include="..\..\Drivers\STM32F4xx_HAL_Driver\Src\stm32f4xx_hal_pwr_ex.c">
      <Filter>Source Files\Core_RTOS</Filter>
    </ClCompile>
    <ClCompile Include="..\..\Drivers\STM32F4xx_HAL_Driver\Src\stm32f4xx_hal_rcc.c">
      <Filter>Source Files\Core_RTOS</Filter>
    </ClCompile>
    <ClCompile Include="..\..\Drivers\STM32F4xx_HAL_Driver\Src\stm32f4xx_hal_rcc_ex.c">
      <Filter>Source Files\Core_RTOS</Filter>
    </ClCompile>
    <ClCompile Include="..\..\Drivers\STM32F4xx_HAL_Driver\Src\stm32f4xx_hal_spi.c">
      <Filter>Source Files\Core_RTOS</Filter>
    </ClCompile>
    <ClCompile Include="..\..\Drivers\STM32F4xx_HAL_Driver\Src\stm32f4xx_hal_tim.c">
      <Filter>Source Files\Core_RTOS</Filter>
    </ClCompile>
    <ClCompile Include="..\..\Drivers\STM32F4xx_HAL_Driver\Src\stm32f4xx_hal_tim_ex.c">
      <Filter>Source Files\Core_RTOS</Filter>
    </ClCompile>
    <ClCompile Include="..\..\Drivers\STM32F4xx_HAL_Driver\Src\stm32f4xx_hal_uart.c">
      <Filter>Source Files\Core_RTOS</Filter>
    </ClCompile>
    <ClCompile Include="..\..\Drivers\STM32F4xx_HAL_Driver\Src\stm32f4xx_ll_adc.c">
      <Filter>Source Files\Core_RTOS</Filter>
    </ClCompile>
    <ClCompile Include="..\..\Components\main_avionics.cpp">
      <Filter>Source Files\Components</Filter>
    </ClCompile>
    <ClCompile Include="..\..\Core\Src\main.cpp">
      <Filter>Source Files\Core_CubeIDE\Src</Filter>
    </ClCompile>
    <ClCompile Include="..\..\Components\SoarDebug\DebugTask.cpp">
      <Filter>Source Files\Components\SoarDebug</Filter>
    </ClCompile>
    <ClCompile Include="..\..\Components\Core\Mutex.cpp">
      <Filter>Source Files\Components\Core</Filter>
    </ClCompile>
    <ClCompile Include="..\..\Components\Core\Timer.cpp">
      <Filter>Source Files\Components\Core</Filter>
    </ClCompile>
    <ClCompile Include="..\..\Components\Communication\UARTTask.cpp">
      <Filter>Source Files\Components\Communication</Filter>
    </ClCompile>
    <ClCompile Include="..\..\Components\Core\DMAController.cpp">
      <Filter>Source Files\Components\Core</Filter>
    </ClCompile>
    <ClCompile Include="..\..\Components\Utils.cpp">
      <Filter>Source Files\Components</Filter>
    </ClCompile>
    <ClCompile Include="..\..\Components\FlightControl\FlightTask.cpp">
      <Filter>Source Files\Components\FlightControl</Filter>
    </ClCompile>
    <ClCompile Include="..\..\Components\FlightControl\RocketSM.cpp">
      <Filter>Source Files\Components\FlightControl</Filter>
    </ClCompile>
    <ClCompile Include="..\..\Components\Sensors\BarometerTask.cpp">
      <Filter>Source Files\Components\Sensors</Filter>
    </ClCompile>
    <ClCompile Include="..\..\Components\Sensors\IMUTask.cpp">
      <Filter>Source Files\Components\Sensors</Filter>
    </ClCompile>
    <ClCompile Include="..\..\Components\SoarProtocol\SoarProto\cobs.c">
      <Filter>Source Files\Components\SoarProtocol\SoarProto</Filter>
    </ClCompile>
    <ClCompile Include="..\..\Components\SoarProtocol\SoarProto\ProtocolTask.cpp">
      <Filter>Source Files\Components\SoarProtocol\SoarProto</Filter>
    </ClCompile>
    <ClCompile Include="..\..\Components\SoarProtocol\DMBProtocolTask.cpp">
      <Filter>Source Files\Components\SoarProtocol</Filter>
    </ClCompile>
    <ClCompile Include="..\..\Components\SoarProtocol\SoarProto\_EmbeddedProtoLib\Fields.cpp">
      <Filter>Source Files\Components\SoarProtocol\SoarProto\_EmbeddedProtoLib</Filter>
    </ClCompile>
    <ClCompile Include="..\..\Components\SoarProtocol\SoarProto\_EmbeddedProtoLib\MessageInterface.cpp">
      <Filter>Source Files\Components\SoarProtocol\SoarProto\_EmbeddedProtoLib</Filter>
    </ClCompile>
    <ClCompile Include="..\..\Components\SoarProtocol\SoarProto\_EmbeddedProtoLib\ReadBufferSection.cpp">
      <Filter>Source Files\Components\SoarProtocol\SoarProto\_EmbeddedProtoLib</Filter>
    </ClCompile>
  </ItemGroup>
  <ItemGroup>
    <ClInclude Include="..\..\Components\Core\Inc\Task.hpp">
      <Filter>Source Files\Components\Core\Inc</Filter>
    </ClInclude>
    <ClInclude Include="..\..\Core\Inc\stm32f4xx_it.h">
      <Filter>Source Files\Core_RTOS</Filter>
    </ClInclude>
    <ClInclude Include="..\..\Core\Inc\FreeRTOSConfig.h">
      <Filter>Source Files\Core_RTOS</Filter>
    </ClInclude>
    <ClInclude Include="..\..\Core\Inc\stm32f4xx_hal_conf.h">
      <Filter>Source Files\Core_RTOS</Filter>
    </ClInclude>
    <ClInclude Include="..\..\Components\Core\Inc\Queue.hpp">
      <Filter>Source Files\Components\Core\Inc</Filter>
    </ClInclude>
    <ClInclude Include="..\..\Components\Core\Inc\Command.hpp">
      <Filter>Source Files\Components\Core\Inc</Filter>
    </ClInclude>
    <ClInclude Include="..\..\Middlewares\Third_Party\FreeRTOS\Source\CMSIS_RTOS\cmsis_os.h">
      <Filter>Source Files\Core_RTOS</Filter>
    </ClInclude>
    <ClInclude Include="..\..\Middlewares\Third_Party\FreeRTOS\Source\include\atomic.h">
      <Filter>Source Files\Core_RTOS</Filter>
    </ClInclude>
    <ClInclude Include="..\..\Middlewares\Third_Party\FreeRTOS\Source\include\croutine.h">
      <Filter>Source Files\Core_RTOS</Filter>
    </ClInclude>
    <ClInclude Include="..\..\Middlewares\Third_Party\FreeRTOS\Source\include\deprecated_definitions.h">
      <Filter>Source Files\Core_RTOS</Filter>
    </ClInclude>
    <ClInclude Include="..\..\Middlewares\Third_Party\FreeRTOS\Source\include\event_groups.h">
      <Filter>Source Files\Core_RTOS</Filter>
    </ClInclude>
    <ClInclude Include="..\..\Middlewares\Third_Party\FreeRTOS\Source\include\FreeRTOS.h">
      <Filter>Source Files\Core_RTOS</Filter>
    </ClInclude>
    <ClInclude Include="..\..\Middlewares\Third_Party\FreeRTOS\Source\include\list.h">
      <Filter>Source Files\Core_RTOS</Filter>
    </ClInclude>
    <ClInclude Include="..\..\Middlewares\Third_Party\FreeRTOS\Source\include\message_buffer.h">
      <Filter>Source Files\Core_RTOS</Filter>
    </ClInclude>
    <ClInclude Include="..\..\Middlewares\Third_Party\FreeRTOS\Source\include\mpu_prototypes.h">
      <Filter>Source Files\Core_RTOS</Filter>
    </ClInclude>
    <ClInclude Include="..\..\Middlewares\Third_Party\FreeRTOS\Source\include\mpu_wrappers.h">
      <Filter>Source Files\Core_RTOS</Filter>
    </ClInclude>
    <ClInclude Include="..\..\Middlewares\Third_Party\FreeRTOS\Source\include\portable.h">
      <Filter>Source Files\Core_RTOS</Filter>
    </ClInclude>
    <ClInclude Include="..\..\Middlewares\Third_Party\FreeRTOS\Source\include\projdefs.h">
      <Filter>Source Files\Core_RTOS</Filter>
    </ClInclude>
    <ClInclude Include="..\..\Middlewares\Third_Party\FreeRTOS\Source\include\queue.h">
      <Filter>Source Files\Core_RTOS</Filter>
    </ClInclude>
    <ClInclude Include="..\..\Middlewares\Third_Party\FreeRTOS\Source\include\semphr.h">
      <Filter>Source Files\Core_RTOS</Filter>
    </ClInclude>
    <ClInclude Include="..\..\Middlewares\Third_Party\FreeRTOS\Source\include\StackMacros.h">
      <Filter>Source Files\Core_RTOS</Filter>
    </ClInclude>
    <ClInclude Include="..\..\Middlewares\Third_Party\FreeRTOS\Source\include\stack_macros.h">
      <Filter>Source Files\Core_RTOS</Filter>
    </ClInclude>
    <ClInclude Include="..\..\Middlewares\Third_Party\FreeRTOS\Source\include\stream_buffer.h">
      <Filter>Source Files\Core_RTOS</Filter>
    </ClInclude>
    <ClInclude Include="..\..\Middlewares\Third_Party\FreeRTOS\Source\include\task.h">
      <Filter>Source Files\Core_RTOS</Filter>
    </ClInclude>
    <ClInclude Include="..\..\Middlewares\Third_Party\FreeRTOS\Source\include\timers.h">
      <Filter>Source Files\Core_RTOS</Filter>
    </ClInclude>
    <ClInclude Include="..\..\Middlewares\Third_Party\FreeRTOS\Source\portable\GCC\ARM_CM4F\portmacro.h">
      <Filter>Source Files\Core_RTOS</Filter>
    </ClInclude>
    <ClInclude Include="..\..\Drivers\CMSIS\Device\ST\STM32F4xx\Include\stm32f405xx.h">
      <Filter>Source Files\Core_RTOS</Filter>
    </ClInclude>
    <ClInclude Include="..\..\Drivers\CMSIS\Device\ST\STM32F4xx\Include\stm32f4xx.h">
      <Filter>Source Files\Core_RTOS</Filter>
    </ClInclude>
    <ClInclude Include="..\..\Drivers\CMSIS\Device\ST\STM32F4xx\Include\system_stm32f4xx.h">
      <Filter>Source Files\Core_RTOS</Filter>
    </ClInclude>
    <ClInclude Include="..\..\Drivers\CMSIS\Include\cmsis_armcc.h">
      <Filter>Source Files\Core_RTOS</Filter>
    </ClInclude>
    <ClInclude Include="..\..\Drivers\CMSIS\Include\cmsis_armclang.h">
      <Filter>Source Files\Core_RTOS</Filter>
    </ClInclude>
    <ClInclude Include="..\..\Drivers\CMSIS\Include\cmsis_compiler.h">
      <Filter>Source Files\Core_RTOS</Filter>
    </ClInclude>
    <ClInclude Include="..\..\Drivers\CMSIS\Include\cmsis_gcc.h">
      <Filter>Source Files\Core_RTOS</Filter>
    </ClInclude>
    <ClInclude Include="..\..\Drivers\CMSIS\Include\cmsis_iccarm.h">
      <Filter>Source Files\Core_RTOS</Filter>
    </ClInclude>
    <ClInclude Include="..\..\Drivers\CMSIS\Include\cmsis_version.h">
      <Filter>Source Files\Core_RTOS</Filter>
    </ClInclude>
    <ClInclude Include="..\..\Drivers\CMSIS\Include\core_armv8mbl.h">
      <Filter>Source Files\Core_RTOS</Filter>
    </ClInclude>
    <ClInclude Include="..\..\Drivers\CMSIS\Include\core_armv8mml.h">
      <Filter>Source Files\Core_RTOS</Filter>
    </ClInclude>
    <ClInclude Include="..\..\Drivers\CMSIS\Include\core_cm0.h">
      <Filter>Source Files\Core_RTOS</Filter>
    </ClInclude>
    <ClInclude Include="..\..\Drivers\CMSIS\Include\core_cm0plus.h">
      <Filter>Source Files\Core_RTOS</Filter>
    </ClInclude>
    <ClInclude Include="..\..\Drivers\CMSIS\Include\core_cm1.h">
      <Filter>Source Files\Core_RTOS</Filter>
    </ClInclude>
    <ClInclude Include="..\..\Drivers\CMSIS\Include\core_cm23.h">
      <Filter>Source Files\Core_RTOS</Filter>
    </ClInclude>
    <ClInclude Include="..\..\Drivers\CMSIS\Include\core_cm3.h">
      <Filter>Source Files\Core_RTOS</Filter>
    </ClInclude>
    <ClInclude Include="..\..\Drivers\CMSIS\Include\core_cm33.h">
      <Filter>Source Files\Core_RTOS</Filter>
    </ClInclude>
    <ClInclude Include="..\..\Drivers\CMSIS\Include\core_cm4.h">
      <Filter>Source Files\Core_RTOS</Filter>
    </ClInclude>
    <ClInclude Include="..\..\Drivers\CMSIS\Include\core_cm7.h">
      <Filter>Source Files\Core_RTOS</Filter>
    </ClInclude>
    <ClInclude Include="..\..\Drivers\CMSIS\Include\core_sc000.h">
      <Filter>Source Files\Core_RTOS</Filter>
    </ClInclude>
    <ClInclude Include="..\..\Drivers\CMSIS\Include\core_sc300.h">
      <Filter>Source Files\Core_RTOS</Filter>
    </ClInclude>
    <ClInclude Include="..\..\Drivers\CMSIS\Include\mpu_armv7.h">
      <Filter>Source Files\Core_RTOS</Filter>
    </ClInclude>
    <ClInclude Include="..\..\Drivers\CMSIS\Include\mpu_armv8.h">
      <Filter>Source Files\Core_RTOS</Filter>
    </ClInclude>
    <ClInclude Include="..\..\Drivers\CMSIS\Include\tz_context.h">
      <Filter>Source Files\Core_RTOS</Filter>
    </ClInclude>
    <ClInclude Include="..\..\Drivers\STM32F4xx_HAL_Driver\Inc\Legacy\stm32_hal_legacy.h">
      <Filter>Source Files\Core_RTOS</Filter>
    </ClInclude>
    <ClInclude Include="..\..\Drivers\STM32F4xx_HAL_Driver\Inc\stm32f4xx_hal.h">
      <Filter>Source Files\Core_RTOS</Filter>
    </ClInclude>
    <ClInclude Include="..\..\Drivers\STM32F4xx_HAL_Driver\Inc\stm32f4xx_hal_adc.h">
      <Filter>Source Files\Core_RTOS</Filter>
    </ClInclude>
    <ClInclude Include="..\..\Drivers\STM32F4xx_HAL_Driver\Inc\stm32f4xx_hal_adc_ex.h">
      <Filter>Source Files\Core_RTOS</Filter>
    </ClInclude>
    <ClInclude Include="..\..\Drivers\STM32F4xx_HAL_Driver\Inc\stm32f4xx_hal_cortex.h">
      <Filter>Source Files\Core_RTOS</Filter>
    </ClInclude>
    <ClInclude Include="..\..\Drivers\STM32F4xx_HAL_Driver\Inc\stm32f4xx_hal_crc.h">
      <Filter>Source Files\Core_RTOS</Filter>
    </ClInclude>
    <ClInclude Include="..\..\Drivers\STM32F4xx_HAL_Driver\Inc\stm32f4xx_hal_def.h">
      <Filter>Source Files\Core_RTOS</Filter>
    </ClInclude>
    <ClInclude Include="..\..\Drivers\STM32F4xx_HAL_Driver\Inc\stm32f4xx_hal_dma.h">
      <Filter>Source Files\Core_RTOS</Filter>
    </ClInclude>
    <ClInclude Include="..\..\Drivers\STM32F4xx_HAL_Driver\Inc\stm32f4xx_hal_dma_ex.h">
      <Filter>Source Files\Core_RTOS</Filter>
    </ClInclude>
    <ClInclude Include="..\..\Drivers\STM32F4xx_HAL_Driver\Inc\stm32f4xx_hal_exti.h">
      <Filter>Source Files\Core_RTOS</Filter>
    </ClInclude>
    <ClInclude Include="..\..\Drivers\STM32F4xx_HAL_Driver\Inc\stm32f4xx_hal_flash.h">
      <Filter>Source Files\Core_RTOS</Filter>
    </ClInclude>
    <ClInclude Include="..\..\Drivers\STM32F4xx_HAL_Driver\Inc\stm32f4xx_hal_flash_ex.h">
      <Filter>Source Files\Core_RTOS</Filter>
    </ClInclude>
    <ClInclude Include="..\..\Drivers\STM32F4xx_HAL_Driver\Inc\stm32f4xx_hal_flash_ramfunc.h">
      <Filter>Source Files\Core_RTOS</Filter>
    </ClInclude>
    <ClInclude Include="..\..\Drivers\STM32F4xx_HAL_Driver\Inc\stm32f4xx_hal_gpio.h">
      <Filter>Source Files\Core_RTOS</Filter>
    </ClInclude>
    <ClInclude Include="..\..\Drivers\STM32F4xx_HAL_Driver\Inc\stm32f4xx_hal_gpio_ex.h">
      <Filter>Source Files\Core_RTOS</Filter>
    </ClInclude>
    <ClInclude Include="..\..\Drivers\STM32F4xx_HAL_Driver\Inc\stm32f4xx_hal_i2c.h">
      <Filter>Source Files\Core_RTOS</Filter>
    </ClInclude>
    <ClInclude Include="..\..\Drivers\STM32F4xx_HAL_Driver\Inc\stm32f4xx_hal_i2c_ex.h">
      <Filter>Source Files\Core_RTOS</Filter>
    </ClInclude>
    <ClInclude Include="..\..\Drivers\STM32F4xx_HAL_Driver\Inc\stm32f4xx_hal_pwr.h">
      <Filter>Source Files\Core_RTOS</Filter>
    </ClInclude>
    <ClInclude Include="..\..\Drivers\STM32F4xx_HAL_Driver\Inc\stm32f4xx_hal_pwr_ex.h">
      <Filter>Source Files\Core_RTOS</Filter>
    </ClInclude>
    <ClInclude Include="..\..\Drivers\STM32F4xx_HAL_Driver\Inc\stm32f4xx_hal_rcc.h">
      <Filter>Source Files\Core_RTOS</Filter>
    </ClInclude>
    <ClInclude Include="..\..\Drivers\STM32F4xx_HAL_Driver\Inc\stm32f4xx_hal_rcc_ex.h">
      <Filter>Source Files\Core_RTOS</Filter>
    </ClInclude>
    <ClInclude Include="..\..\Drivers\STM32F4xx_HAL_Driver\Inc\stm32f4xx_hal_spi.h">
      <Filter>Source Files\Core_RTOS</Filter>
    </ClInclude>
    <ClInclude Include="..\..\Drivers\STM32F4xx_HAL_Driver\Inc\stm32f4xx_hal_tim.h">
      <Filter>Source Files\Core_RTOS</Filter>
    </ClInclude>
    <ClInclude Include="..\..\Drivers\STM32F4xx_HAL_Driver\Inc\stm32f4xx_hal_tim_ex.h">
      <Filter>Source Files\Core_RTOS</Filter>
    </ClInclude>
    <ClInclude Include="..\..\Drivers\STM32F4xx_HAL_Driver\Inc\stm32f4xx_hal_uart.h">
      <Filter>Source Files\Core_RTOS</Filter>
    </ClInclude>
    <ClInclude Include="..\..\Drivers\STM32F4xx_HAL_Driver\Inc\stm32f4xx_ll_adc.h">
      <Filter>Source Files\Core_RTOS</Filter>
    </ClInclude>
    <ClInclude Include="..\..\Drivers\STM32F4xx_HAL_Driver\Inc\stm32f4xx_ll_bus.h">
      <Filter>Source Files\Core_RTOS</Filter>
    </ClInclude>
    <ClInclude Include="..\..\Drivers\STM32F4xx_HAL_Driver\Inc\stm32f4xx_ll_cortex.h">
      <Filter>Source Files\Core_RTOS</Filter>
    </ClInclude>
    <ClInclude Include="..\..\Drivers\STM32F4xx_HAL_Driver\Inc\stm32f4xx_ll_crc.h">
      <Filter>Source Files\Core_RTOS</Filter>
    </ClInclude>
    <ClInclude Include="..\..\Drivers\STM32F4xx_HAL_Driver\Inc\stm32f4xx_ll_dma.h">
      <Filter>Source Files\Core_RTOS</Filter>
    </ClInclude>
    <ClInclude Include="..\..\Drivers\STM32F4xx_HAL_Driver\Inc\stm32f4xx_ll_exti.h">
      <Filter>Source Files\Core_RTOS</Filter>
    </ClInclude>
    <ClInclude Include="..\..\Drivers\STM32F4xx_HAL_Driver\Inc\stm32f4xx_ll_gpio.h">
      <Filter>Source Files\Core_RTOS</Filter>
    </ClInclude>
    <ClInclude Include="..\..\Drivers\STM32F4xx_HAL_Driver\Inc\stm32f4xx_ll_i2c.h">
      <Filter>Source Files\Core_RTOS</Filter>
    </ClInclude>
    <ClInclude Include="..\..\Drivers\STM32F4xx_HAL_Driver\Inc\stm32f4xx_ll_pwr.h">
      <Filter>Source Files\Core_RTOS</Filter>
    </ClInclude>
    <ClInclude Include="..\..\Drivers\STM32F4xx_HAL_Driver\Inc\stm32f4xx_ll_rcc.h">
      <Filter>Source Files\Core_RTOS</Filter>
    </ClInclude>
    <ClInclude Include="..\..\Drivers\STM32F4xx_HAL_Driver\Inc\stm32f4xx_ll_system.h">
      <Filter>Source Files\Core_RTOS</Filter>
    </ClInclude>
    <ClInclude Include="..\..\Drivers\STM32F4xx_HAL_Driver\Inc\stm32f4xx_ll_usart.h">
      <Filter>Source Files\Core_RTOS</Filter>
    </ClInclude>
    <ClInclude Include="..\..\Drivers\STM32F4xx_HAL_Driver\Inc\stm32f4xx_ll_utils.h">
      <Filter>Source Files\Core_RTOS</Filter>
    </ClInclude>
    <ClInclude Include="..\..\Components\main_avionics.hpp">
      <Filter>Source Files\Components</Filter>
    </ClInclude>
    <ClInclude Include="..\..\Components\SystemDefines.hpp">
      <Filter>Source Files\Components</Filter>
    </ClInclude>
    <ClInclude Include="..\..\Core\Inc\main.h">
      <Filter>Source Files\Core_CubeIDE\Inc</Filter>
    </ClInclude>
    <ClInclude Include="..\..\Components\GPIO.hpp">
      <Filter>Source Files\Components</Filter>
    </ClInclude>
    <ClInclude Include="..\..\Components\FlightControl\Inc\FlightTask.hpp">
      <Filter>Source Files\Components\FlightControl\Inc</Filter>
    </ClInclude>
    <ClInclude Include="..\..\Components\Core\Inc\Mutex.hpp">
      <Filter>Source Files\Components\Core\Inc</Filter>
    </ClInclude>
    <ClInclude Include="..\..\Components\Core\Inc\Timer.hpp">
      <Filter>Source Files\Components\Core\Inc</Filter>
    </ClInclude>
    <ClInclude Include="..\..\Components\Communication\Inc\UARTTask.hpp">
      <Filter>Source Files\Components\Communication\Inc</Filter>
    </ClInclude>
    <ClInclude Include="..\..\Components\SoarDebug\Inc\DebugTask.hpp">
      <Filter>Source Files\Components\SoarDebug\Inc</Filter>
    </ClInclude>
    <ClInclude Include="..\..\Components\Core\Inc\DMAController.hpp">
      <Filter>Source Files\Components\Core\Inc</Filter>
    </ClInclude>
    <ClInclude Include="..\..\Components\Utils.hpp">
      <Filter>Source Files\Components</Filter>
    </ClInclude>
    <ClInclude Include="..\..\Components\_Libraries\embedded-template-library\include\etl\absolute.h">
      <Filter>Source Files\Libraries\embedded-template-library</Filter>
    </ClInclude>
    <ClInclude Include="..\..\Components\_Libraries\embedded-template-library\include\etl\algorithm.h">
      <Filter>Source Files\Libraries\embedded-template-library</Filter>
    </ClInclude>
    <ClInclude Include="..\..\Components\_Libraries\embedded-template-library\include\etl\alignment.h">
      <Filter>Source Files\Libraries\embedded-template-library</Filter>
    </ClInclude>
    <ClInclude Include="..\..\Components\_Libraries\embedded-template-library\include\etl\array.h">
      <Filter>Source Files\Libraries\embedded-template-library</Filter>
    </ClInclude>
    <ClInclude Include="..\..\Components\_Libraries\embedded-template-library\include\etl\array_view.h">
      <Filter>Source Files\Libraries\embedded-template-library</Filter>
    </ClInclude>
    <ClInclude Include="..\..\Components\_Libraries\embedded-template-library\include\etl\array_wrapper.h">
      <Filter>Source Files\Libraries\embedded-template-library</Filter>
    </ClInclude>
    <ClInclude Include="..\..\Components\_Libraries\embedded-template-library\include\etl\atomic\atomic_arm.h">
      <Filter>Source Files\Libraries\embedded-template-library</Filter>
    </ClInclude>
    <ClInclude Include="..\..\Components\_Libraries\embedded-template-library\include\etl\atomic\atomic_clang_sync.h">
      <Filter>Source Files\Libraries\embedded-template-library</Filter>
    </ClInclude>
    <ClInclude Include="..\..\Components\_Libraries\embedded-template-library\include\etl\atomic\atomic_gcc_sync.h">
      <Filter>Source Files\Libraries\embedded-template-library</Filter>
    </ClInclude>
    <ClInclude Include="..\..\Components\_Libraries\embedded-template-library\include\etl\atomic\atomic_std.h">
      <Filter>Source Files\Libraries\embedded-template-library</Filter>
    </ClInclude>
    <ClInclude Include="..\..\Components\_Libraries\embedded-template-library\include\etl\atomic.h">
      <Filter>Source Files\Libraries\embedded-template-library</Filter>
    </ClInclude>
    <ClInclude Include="..\..\Components\_Libraries\embedded-template-library\include\etl\basic_format_spec.h">
      <Filter>Source Files\Libraries\embedded-template-library</Filter>
    </ClInclude>
    <ClInclude Include="..\..\Components\_Libraries\embedded-template-library\include\etl\basic_string.h">
      <Filter>Source Files\Libraries\embedded-template-library</Filter>
    </ClInclude>
    <ClInclude Include="..\..\Components\_Libraries\embedded-template-library\include\etl\basic_string_stream.h">
      <Filter>Source Files\Libraries\embedded-template-library</Filter>
    </ClInclude>
    <ClInclude Include="..\..\Components\_Libraries\embedded-template-library\include\etl\binary.h">
      <Filter>Source Files\Libraries\embedded-template-library</Filter>
    </ClInclude>
    <ClInclude Include="..\..\Components\_Libraries\embedded-template-library\include\etl\bip_buffer_spsc_atomic.h">
      <Filter>Source Files\Libraries\embedded-template-library</Filter>
    </ClInclude>
    <ClInclude Include="..\..\Components\_Libraries\embedded-template-library\include\etl\bit.h">
      <Filter>Source Files\Libraries\embedded-template-library</Filter>
    </ClInclude>
    <ClInclude Include="..\..\Components\_Libraries\embedded-template-library\include\etl\bitset.h">
      <Filter>Source Files\Libraries\embedded-template-library</Filter>
    </ClInclude>
    <ClInclude Include="..\..\Components\_Libraries\embedded-template-library\include\etl\bit_stream.h">
      <Filter>Source Files\Libraries\embedded-template-library</Filter>
    </ClInclude>
    <ClInclude Include="..\..\Components\_Libraries\embedded-template-library\include\etl\bloom_filter.h">
      <Filter>Source Files\Libraries\embedded-template-library</Filter>
    </ClInclude>
    <ClInclude Include="..\..\Components\_Libraries\embedded-template-library\include\etl\bresenham_line.h">
      <Filter>Source Files\Libraries\embedded-template-library</Filter>
    </ClInclude>
    <ClInclude Include="..\..\Components\_Libraries\embedded-template-library\include\etl\buffer_descriptors.h">
      <Filter>Source Files\Libraries\embedded-template-library</Filter>
    </ClInclude>
    <ClInclude Include="..\..\Components\_Libraries\embedded-template-library\include\etl\byte.h">
      <Filter>Source Files\Libraries\embedded-template-library</Filter>
    </ClInclude>
    <ClInclude Include="..\..\Components\_Libraries\embedded-template-library\include\etl\byte_stream.h">
      <Filter>Source Files\Libraries\embedded-template-library</Filter>
    </ClInclude>
    <ClInclude Include="..\..\Components\_Libraries\embedded-template-library\include\etl\callback.h">
      <Filter>Source Files\Libraries\embedded-template-library</Filter>
    </ClInclude>
    <ClInclude Include="..\..\Components\_Libraries\embedded-template-library\include\etl\callback_service.h">
      <Filter>Source Files\Libraries\embedded-template-library</Filter>
    </ClInclude>
    <ClInclude Include="..\..\Components\_Libraries\embedded-template-library\include\etl\callback_timer.h">
      <Filter>Source Files\Libraries\embedded-template-library</Filter>
    </ClInclude>
    <ClInclude Include="..\..\Components\_Libraries\embedded-template-library\include\etl\callback_timer_atomic.h">
      <Filter>Source Files\Libraries\embedded-template-library</Filter>
    </ClInclude>
    <ClInclude Include="..\..\Components\_Libraries\embedded-template-library\include\etl\callback_timer_interrupt.h">
      <Filter>Source Files\Libraries\embedded-template-library</Filter>
    </ClInclude>
    <ClInclude Include="..\..\Components\_Libraries\embedded-template-library\include\etl\callback_timer_locked.h">
      <Filter>Source Files\Libraries\embedded-template-library</Filter>
    </ClInclude>
    <ClInclude Include="..\..\Components\_Libraries\embedded-template-library\include\etl\char_traits.h">
      <Filter>Source Files\Libraries\embedded-template-library</Filter>
    </ClInclude>
    <ClInclude Include="..\..\Components\_Libraries\embedded-template-library\include\etl\checksum.h">
      <Filter>Source Files\Libraries\embedded-template-library</Filter>
    </ClInclude>
    <ClInclude Include="..\..\Components\_Libraries\embedded-template-library\include\etl\circular_buffer.h">
      <Filter>Source Files\Libraries\embedded-template-library</Filter>
    </ClInclude>
    <ClInclude Include="..\..\Components\_Libraries\embedded-template-library\include\etl\circular_iterator.h">
      <Filter>Source Files\Libraries\embedded-template-library</Filter>
    </ClInclude>
    <ClInclude Include="..\..\Components\_Libraries\embedded-template-library\include\etl\combinations.h">
      <Filter>Source Files\Libraries\embedded-template-library</Filter>
    </ClInclude>
    <ClInclude Include="..\..\Components\_Libraries\embedded-template-library\include\etl\compare.h">
      <Filter>Source Files\Libraries\embedded-template-library</Filter>
    </ClInclude>
    <ClInclude Include="..\..\Components\_Libraries\embedded-template-library\include\etl\constant.h">
      <Filter>Source Files\Libraries\embedded-template-library</Filter>
    </ClInclude>
    <ClInclude Include="..\..\Components\_Libraries\embedded-template-library\include\etl\container.h">
      <Filter>Source Files\Libraries\embedded-template-library</Filter>
    </ClInclude>
    <ClInclude Include="..\..\Components\_Libraries\embedded-template-library\include\etl\correlation.h">
      <Filter>Source Files\Libraries\embedded-template-library</Filter>
    </ClInclude>
    <ClInclude Include="..\..\Components\_Libraries\embedded-template-library\include\etl\covariance.h">
      <Filter>Source Files\Libraries\embedded-template-library</Filter>
    </ClInclude>
    <ClInclude Include="..\..\Components\_Libraries\embedded-template-library\include\etl\crc.h">
      <Filter>Source Files\Libraries\embedded-template-library</Filter>
    </ClInclude>
    <ClInclude Include="..\..\Components\_Libraries\embedded-template-library\include\etl\crc16.h">
      <Filter>Source Files\Libraries\embedded-template-library</Filter>
    </ClInclude>
    <ClInclude Include="..\..\Components\_Libraries\embedded-template-library\include\etl\crc16_a.h">
      <Filter>Source Files\Libraries\embedded-template-library</Filter>
    </ClInclude>
    <ClInclude Include="..\..\Components\_Libraries\embedded-template-library\include\etl\crc16_arc.h">
      <Filter>Source Files\Libraries\embedded-template-library</Filter>
    </ClInclude>
    <ClInclude Include="..\..\Components\_Libraries\embedded-template-library\include\etl\crc16_aug_ccitt.h">
      <Filter>Source Files\Libraries\embedded-template-library</Filter>
    </ClInclude>
    <ClInclude Include="..\..\Components\_Libraries\embedded-template-library\include\etl\crc16_buypass.h">
      <Filter>Source Files\Libraries\embedded-template-library</Filter>
    </ClInclude>
    <ClInclude Include="..\..\Components\_Libraries\embedded-template-library\include\etl\crc16_ccitt.h">
      <Filter>Source Files\Libraries\embedded-template-library</Filter>
    </ClInclude>
    <ClInclude Include="..\..\Components\_Libraries\embedded-template-library\include\etl\crc16_cdma2000.h">
      <Filter>Source Files\Libraries\embedded-template-library</Filter>
    </ClInclude>
    <ClInclude Include="..\..\Components\_Libraries\embedded-template-library\include\etl\crc16_dds110.h">
      <Filter>Source Files\Libraries\embedded-template-library</Filter>
    </ClInclude>
    <ClInclude Include="..\..\Components\_Libraries\embedded-template-library\include\etl\crc16_dectr.h">
      <Filter>Source Files\Libraries\embedded-template-library</Filter>
    </ClInclude>
    <ClInclude Include="..\..\Components\_Libraries\embedded-template-library\include\etl\crc16_dectx.h">
      <Filter>Source Files\Libraries\embedded-template-library</Filter>
    </ClInclude>
    <ClInclude Include="..\..\Components\_Libraries\embedded-template-library\include\etl\crc16_dnp.h">
      <Filter>Source Files\Libraries\embedded-template-library</Filter>
    </ClInclude>
    <ClInclude Include="..\..\Components\_Libraries\embedded-template-library\include\etl\crc16_en13757.h">
      <Filter>Source Files\Libraries\embedded-template-library</Filter>
    </ClInclude>
    <ClInclude Include="..\..\Components\_Libraries\embedded-template-library\include\etl\crc16_genibus.h">
      <Filter>Source Files\Libraries\embedded-template-library</Filter>
    </ClInclude>
    <ClInclude Include="..\..\Components\_Libraries\embedded-template-library\include\etl\crc16_kermit.h">
      <Filter>Source Files\Libraries\embedded-template-library</Filter>
    </ClInclude>
    <ClInclude Include="..\..\Components\_Libraries\embedded-template-library\include\etl\crc16_maxim.h">
      <Filter>Source Files\Libraries\embedded-template-library</Filter>
    </ClInclude>
    <ClInclude Include="..\..\Components\_Libraries\embedded-template-library\include\etl\crc16_mcrf4xx.h">
      <Filter>Source Files\Libraries\embedded-template-library</Filter>
    </ClInclude>
    <ClInclude Include="..\..\Components\_Libraries\embedded-template-library\include\etl\crc16_modbus.h">
      <Filter>Source Files\Libraries\embedded-template-library</Filter>
    </ClInclude>
    <ClInclude Include="..\..\Components\_Libraries\embedded-template-library\include\etl\crc16_profibus.h">
      <Filter>Source Files\Libraries\embedded-template-library</Filter>
    </ClInclude>
    <ClInclude Include="..\..\Components\_Libraries\embedded-template-library\include\etl\crc16_riello.h">
      <Filter>Source Files\Libraries\embedded-template-library</Filter>
    </ClInclude>
    <ClInclude Include="..\..\Components\_Libraries\embedded-template-library\include\etl\crc16_t10dif.h">
      <Filter>Source Files\Libraries\embedded-template-library</Filter>
    </ClInclude>
    <ClInclude Include="..\..\Components\_Libraries\embedded-template-library\include\etl\crc16_teledisk.h">
      <Filter>Source Files\Libraries\embedded-template-library</Filter>
    </ClInclude>
    <ClInclude Include="..\..\Components\_Libraries\embedded-template-library\include\etl\crc16_tms37157.h">
      <Filter>Source Files\Libraries\embedded-template-library</Filter>
    </ClInclude>
    <ClInclude Include="..\..\Components\_Libraries\embedded-template-library\include\etl\crc16_usb.h">
      <Filter>Source Files\Libraries\embedded-template-library</Filter>
    </ClInclude>
    <ClInclude Include="..\..\Components\_Libraries\embedded-template-library\include\etl\crc16_x25.h">
      <Filter>Source Files\Libraries\embedded-template-library</Filter>
    </ClInclude>
    <ClInclude Include="..\..\Components\_Libraries\embedded-template-library\include\etl\crc16_xmodem.h">
      <Filter>Source Files\Libraries\embedded-template-library</Filter>
    </ClInclude>
    <ClInclude Include="..\..\Components\_Libraries\embedded-template-library\include\etl\crc32.h">
      <Filter>Source Files\Libraries\embedded-template-library</Filter>
    </ClInclude>
    <ClInclude Include="..\..\Components\_Libraries\embedded-template-library\include\etl\crc32_bzip2.h">
      <Filter>Source Files\Libraries\embedded-template-library</Filter>
    </ClInclude>
    <ClInclude Include="..\..\Components\_Libraries\embedded-template-library\include\etl\crc32_c.h">
      <Filter>Source Files\Libraries\embedded-template-library</Filter>
    </ClInclude>
    <ClInclude Include="..\..\Components\_Libraries\embedded-template-library\include\etl\crc32_d.h">
      <Filter>Source Files\Libraries\embedded-template-library</Filter>
    </ClInclude>
    <ClInclude Include="..\..\Components\_Libraries\embedded-template-library\include\etl\crc32_jamcrc.h">
      <Filter>Source Files\Libraries\embedded-template-library</Filter>
    </ClInclude>
    <ClInclude Include="..\..\Components\_Libraries\embedded-template-library\include\etl\crc32_mpeg2.h">
      <Filter>Source Files\Libraries\embedded-template-library</Filter>
    </ClInclude>
    <ClInclude Include="..\..\Components\_Libraries\embedded-template-library\include\etl\crc32_posix.h">
      <Filter>Source Files\Libraries\embedded-template-library</Filter>
    </ClInclude>
    <ClInclude Include="..\..\Components\_Libraries\embedded-template-library\include\etl\crc32_q.h">
      <Filter>Source Files\Libraries\embedded-template-library</Filter>
    </ClInclude>
    <ClInclude Include="..\..\Components\_Libraries\embedded-template-library\include\etl\crc32_xfer.h">
      <Filter>Source Files\Libraries\embedded-template-library</Filter>
    </ClInclude>
    <ClInclude Include="..\..\Components\_Libraries\embedded-template-library\include\etl\crc64_ecma.h">
      <Filter>Source Files\Libraries\embedded-template-library</Filter>
    </ClInclude>
    <ClInclude Include="..\..\Components\_Libraries\embedded-template-library\include\etl\crc8_ccitt.h">
      <Filter>Source Files\Libraries\embedded-template-library</Filter>
    </ClInclude>
    <ClInclude Include="..\..\Components\_Libraries\embedded-template-library\include\etl\crc8_cdma2000.h">
      <Filter>Source Files\Libraries\embedded-template-library</Filter>
    </ClInclude>
    <ClInclude Include="..\..\Components\_Libraries\embedded-template-library\include\etl\crc8_darc.h">
      <Filter>Source Files\Libraries\embedded-template-library</Filter>
    </ClInclude>
    <ClInclude Include="..\..\Components\_Libraries\embedded-template-library\include\etl\crc8_dvbs2.h">
      <Filter>Source Files\Libraries\embedded-template-library</Filter>
    </ClInclude>
    <ClInclude Include="..\..\Components\_Libraries\embedded-template-library\include\etl\crc8_ebu.h">
      <Filter>Source Files\Libraries\embedded-template-library</Filter>
    </ClInclude>
    <ClInclude Include="..\..\Components\_Libraries\embedded-template-library\include\etl\crc8_icode.h">
      <Filter>Source Files\Libraries\embedded-template-library</Filter>
    </ClInclude>
    <ClInclude Include="..\..\Components\_Libraries\embedded-template-library\include\etl\crc8_itu.h">
      <Filter>Source Files\Libraries\embedded-template-library</Filter>
    </ClInclude>
    <ClInclude Include="..\..\Components\_Libraries\embedded-template-library\include\etl\crc8_maxim.h">
      <Filter>Source Files\Libraries\embedded-template-library</Filter>
    </ClInclude>
    <ClInclude Include="..\..\Components\_Libraries\embedded-template-library\include\etl\crc8_rohc.h">
      <Filter>Source Files\Libraries\embedded-template-library</Filter>
    </ClInclude>
    <ClInclude Include="..\..\Components\_Libraries\embedded-template-library\include\etl\crc8_wcdma.h">
      <Filter>Source Files\Libraries\embedded-template-library</Filter>
    </ClInclude>
    <ClInclude Include="..\..\Components\_Libraries\embedded-template-library\include\etl\cstring.h">
      <Filter>Source Files\Libraries\embedded-template-library</Filter>
    </ClInclude>
    <ClInclude Include="..\..\Components\_Libraries\embedded-template-library\include\etl\cyclic_value.h">
      <Filter>Source Files\Libraries\embedded-template-library</Filter>
    </ClInclude>
    <ClInclude Include="..\..\Components\_Libraries\embedded-template-library\include\etl\debounce.h">
      <Filter>Source Files\Libraries\embedded-template-library</Filter>
    </ClInclude>
    <ClInclude Include="..\..\Components\_Libraries\embedded-template-library\include\etl\debug_count.h">
      <Filter>Source Files\Libraries\embedded-template-library</Filter>
    </ClInclude>
    <ClInclude Include="..\..\Components\_Libraries\embedded-template-library\include\etl\delegate.h">
      <Filter>Source Files\Libraries\embedded-template-library</Filter>
    </ClInclude>
    <ClInclude Include="..\..\Components\_Libraries\embedded-template-library\include\etl\delegate_service.h">
      <Filter>Source Files\Libraries\embedded-template-library</Filter>
    </ClInclude>
    <ClInclude Include="..\..\Components\_Libraries\embedded-template-library\include\etl\deprecated\factory.h">
      <Filter>Source Files\Libraries\embedded-template-library</Filter>
    </ClInclude>
    <ClInclude Include="..\..\Components\_Libraries\embedded-template-library\include\etl\deque.h">
      <Filter>Source Files\Libraries\embedded-template-library</Filter>
    </ClInclude>
    <ClInclude Include="..\..\Components\_Libraries\embedded-template-library\include\etl\doxygen.h">
      <Filter>Source Files\Libraries\embedded-template-library</Filter>
    </ClInclude>
    <ClInclude Include="..\..\Components\_Libraries\embedded-template-library\include\etl\endianness.h">
      <Filter>Source Files\Libraries\embedded-template-library</Filter>
    </ClInclude>
    <ClInclude Include="..\..\Components\_Libraries\embedded-template-library\include\etl\enum_type.h">
      <Filter>Source Files\Libraries\embedded-template-library</Filter>
    </ClInclude>
    <ClInclude Include="..\..\Components\_Libraries\embedded-template-library\include\etl\error_handler.h">
      <Filter>Source Files\Libraries\embedded-template-library</Filter>
    </ClInclude>
    <ClInclude Include="..\..\Components\_Libraries\embedded-template-library\include\etl\exception.h">
      <Filter>Source Files\Libraries\embedded-template-library</Filter>
    </ClInclude>
    <ClInclude Include="..\..\Components\_Libraries\embedded-template-library\include\etl\experimental\bit_cast.h">
      <Filter>Source Files\Libraries\embedded-template-library</Filter>
    </ClInclude>
    <ClInclude Include="..\..\Components\_Libraries\embedded-template-library\include\etl\experimental\class_traits.h">
      <Filter>Source Files\Libraries\embedded-template-library</Filter>
    </ClInclude>
    <ClInclude Include="..\..\Components\_Libraries\embedded-template-library\include\etl\experimental\icache.h">
      <Filter>Source Files\Libraries\embedded-template-library</Filter>
    </ClInclude>
    <ClInclude Include="..\..\Components\_Libraries\embedded-template-library\include\etl\experimental\mem_cast.h">
      <Filter>Source Files\Libraries\embedded-template-library</Filter>
    </ClInclude>
    <ClInclude Include="..\..\Components\_Libraries\embedded-template-library\include\etl\experimental\singleton.h">
      <Filter>Source Files\Libraries\embedded-template-library</Filter>
    </ClInclude>
    <ClInclude Include="..\..\Components\_Libraries\embedded-template-library\include\etl\factorial.h">
      <Filter>Source Files\Libraries\embedded-template-library</Filter>
    </ClInclude>
    <ClInclude Include="..\..\Components\_Libraries\embedded-template-library\include\etl\fibonacci.h">
      <Filter>Source Files\Libraries\embedded-template-library</Filter>
    </ClInclude>
    <ClInclude Include="..\..\Components\_Libraries\embedded-template-library\include\etl\file_error_numbers.h">
      <Filter>Source Files\Libraries\embedded-template-library</Filter>
    </ClInclude>
    <ClInclude Include="..\..\Components\_Libraries\embedded-template-library\include\etl\fixed_iterator.h">
      <Filter>Source Files\Libraries\embedded-template-library</Filter>
    </ClInclude>
    <ClInclude Include="..\..\Components\_Libraries\embedded-template-library\include\etl\fixed_sized_memory_block_allocator.h">
      <Filter>Source Files\Libraries\embedded-template-library</Filter>
    </ClInclude>
    <ClInclude Include="..\..\Components\_Libraries\embedded-template-library\include\etl\flags.h">
      <Filter>Source Files\Libraries\embedded-template-library</Filter>
    </ClInclude>
    <ClInclude Include="..\..\Components\_Libraries\embedded-template-library\include\etl\flat_map.h">
      <Filter>Source Files\Libraries\embedded-template-library</Filter>
    </ClInclude>
    <ClInclude Include="..\..\Components\_Libraries\embedded-template-library\include\etl\flat_multimap.h">
      <Filter>Source Files\Libraries\embedded-template-library</Filter>
    </ClInclude>
    <ClInclude Include="..\..\Components\_Libraries\embedded-template-library\include\etl\flat_multiset.h">
      <Filter>Source Files\Libraries\embedded-template-library</Filter>
    </ClInclude>
    <ClInclude Include="..\..\Components\_Libraries\embedded-template-library\include\etl\flat_set.h">
      <Filter>Source Files\Libraries\embedded-template-library</Filter>
    </ClInclude>
    <ClInclude Include="..\..\Components\_Libraries\embedded-template-library\include\etl\fnv_1.h">
      <Filter>Source Files\Libraries\embedded-template-library</Filter>
    </ClInclude>
    <ClInclude Include="..\..\Components\_Libraries\embedded-template-library\include\etl\format_spec.h">
      <Filter>Source Files\Libraries\embedded-template-library</Filter>
    </ClInclude>
    <ClInclude Include="..\..\Components\_Libraries\embedded-template-library\include\etl\forward_list.h">
      <Filter>Source Files\Libraries\embedded-template-library</Filter>
    </ClInclude>
    <ClInclude Include="..\..\Components\_Libraries\embedded-template-library\include\etl\frame_check_sequence.h">
      <Filter>Source Files\Libraries\embedded-template-library</Filter>
    </ClInclude>
    <ClInclude Include="..\..\Components\_Libraries\embedded-template-library\include\etl\fsm.h">
      <Filter>Source Files\Libraries\embedded-template-library</Filter>
    </ClInclude>
    <ClInclude Include="..\..\Components\_Libraries\embedded-template-library\include\etl\function.h">
      <Filter>Source Files\Libraries\embedded-template-library</Filter>
    </ClInclude>
    <ClInclude Include="..\..\Components\_Libraries\embedded-template-library\include\etl\functional.h">
      <Filter>Source Files\Libraries\embedded-template-library</Filter>
    </ClInclude>
    <ClInclude Include="..\..\Components\_Libraries\embedded-template-library\include\etl\gamma.h">
      <Filter>Source Files\Libraries\embedded-template-library</Filter>
    </ClInclude>
    <ClInclude Include="..\..\Components\_Libraries\embedded-template-library\include\etl\generators\fsm_generator.h">
      <Filter>Source Files\Libraries\embedded-template-library</Filter>
    </ClInclude>
    <ClInclude Include="..\..\Components\_Libraries\embedded-template-library\include\etl\generators\largest_generator.h">
      <Filter>Source Files\Libraries\embedded-template-library</Filter>
    </ClInclude>
    <ClInclude Include="..\..\Components\_Libraries\embedded-template-library\include\etl\generators\message_packet_generator.h">
      <Filter>Source Files\Libraries\embedded-template-library</Filter>
    </ClInclude>
    <ClInclude Include="..\..\Components\_Libraries\embedded-template-library\include\etl\generators\message_router_generator.h">
      <Filter>Source Files\Libraries\embedded-template-library</Filter>
    </ClInclude>
    <ClInclude Include="..\..\Components\_Libraries\embedded-template-library\include\etl\generators\smallest_generator.h">
      <Filter>Source Files\Libraries\embedded-template-library</Filter>
    </ClInclude>
    <ClInclude Include="..\..\Components\_Libraries\embedded-template-library\include\etl\generators\type_lookup_generator.h">
      <Filter>Source Files\Libraries\embedded-template-library</Filter>
    </ClInclude>
    <ClInclude Include="..\..\Components\_Libraries\embedded-template-library\include\etl\generators\type_select_generator.h">
      <Filter>Source Files\Libraries\embedded-template-library</Filter>
    </ClInclude>
    <ClInclude Include="..\..\Components\_Libraries\embedded-template-library\include\etl\generators\type_traits_generator.h">
      <Filter>Source Files\Libraries\embedded-template-library</Filter>
    </ClInclude>
    <ClInclude Include="..\..\Components\_Libraries\embedded-template-library\include\etl\generators\variant_pool_generator.h">
      <Filter>Source Files\Libraries\embedded-template-library</Filter>
    </ClInclude>
    <ClInclude Include="..\..\Components\_Libraries\embedded-template-library\include\etl\generic_pool.h">
      <Filter>Source Files\Libraries\embedded-template-library</Filter>
    </ClInclude>
    <ClInclude Include="..\..\Components\_Libraries\embedded-template-library\include\etl\hash.h">
      <Filter>Source Files\Libraries\embedded-template-library</Filter>
    </ClInclude>
    <ClInclude Include="..\..\Components\_Libraries\embedded-template-library\include\etl\hfsm.h">
      <Filter>Source Files\Libraries\embedded-template-library</Filter>
    </ClInclude>
    <ClInclude Include="..\..\Components\_Libraries\embedded-template-library\include\etl\histogram.h">
      <Filter>Source Files\Libraries\embedded-template-library</Filter>
    </ClInclude>
    <ClInclude Include="..\..\Components\_Libraries\embedded-template-library\include\etl\ihash.h">
      <Filter>Source Files\Libraries\embedded-template-library</Filter>
    </ClInclude>
    <ClInclude Include="..\..\Components\_Libraries\embedded-template-library\include\etl\imemory_block_allocator.h">
      <Filter>Source Files\Libraries\embedded-template-library</Filter>
    </ClInclude>
    <ClInclude Include="..\..\Components\_Libraries\embedded-template-library\include\etl\indirect_vector.h">
      <Filter>Source Files\Libraries\embedded-template-library</Filter>
    </ClInclude>
    <ClInclude Include="..\..\Components\_Libraries\embedded-template-library\include\etl\initializer_list.h">
      <Filter>Source Files\Libraries\embedded-template-library</Filter>
    </ClInclude>
    <ClInclude Include="..\..\Components\_Libraries\embedded-template-library\include\etl\instance_count.h">
      <Filter>Source Files\Libraries\embedded-template-library</Filter>
    </ClInclude>
    <ClInclude Include="..\..\Components\_Libraries\embedded-template-library\include\etl\integral_limits.h">
      <Filter>Source Files\Libraries\embedded-template-library</Filter>
    </ClInclude>
    <ClInclude Include="..\..\Components\_Libraries\embedded-template-library\include\etl\intrusive_forward_list.h">
      <Filter>Source Files\Libraries\embedded-template-library</Filter>
    </ClInclude>
    <ClInclude Include="..\..\Components\_Libraries\embedded-template-library\include\etl\intrusive_links.h">
      <Filter>Source Files\Libraries\embedded-template-library</Filter>
    </ClInclude>
    <ClInclude Include="..\..\Components\_Libraries\embedded-template-library\include\etl\intrusive_list.h">
      <Filter>Source Files\Libraries\embedded-template-library</Filter>
    </ClInclude>
    <ClInclude Include="..\..\Components\_Libraries\embedded-template-library\include\etl\intrusive_queue.h">
      <Filter>Source Files\Libraries\embedded-template-library</Filter>
    </ClInclude>
    <ClInclude Include="..\..\Components\_Libraries\embedded-template-library\include\etl\intrusive_stack.h">
      <Filter>Source Files\Libraries\embedded-template-library</Filter>
    </ClInclude>
    <ClInclude Include="..\..\Components\_Libraries\embedded-template-library\include\etl\invert.h">
      <Filter>Source Files\Libraries\embedded-template-library</Filter>
    </ClInclude>
    <ClInclude Include="..\..\Components\_Libraries\embedded-template-library\include\etl\io_port.h">
      <Filter>Source Files\Libraries\embedded-template-library</Filter>
    </ClInclude>
    <ClInclude Include="..\..\Components\_Libraries\embedded-template-library\include\etl\ipool.h">
      <Filter>Source Files\Libraries\embedded-template-library</Filter>
    </ClInclude>
    <ClInclude Include="..\..\Components\_Libraries\embedded-template-library\include\etl\ireference_counted_message_pool.h">
      <Filter>Source Files\Libraries\embedded-template-library</Filter>
    </ClInclude>
    <ClInclude Include="..\..\Components\_Libraries\embedded-template-library\include\etl\iterator.h">
      <Filter>Source Files\Libraries\embedded-template-library</Filter>
    </ClInclude>
    <ClInclude Include="..\..\Components\_Libraries\embedded-template-library\include\etl\jenkins.h">
      <Filter>Source Files\Libraries\embedded-template-library</Filter>
    </ClInclude>
    <ClInclude Include="..\..\Components\_Libraries\embedded-template-library\include\etl\largest.h">
      <Filter>Source Files\Libraries\embedded-template-library</Filter>
    </ClInclude>
    <ClInclude Include="..\..\Components\_Libraries\embedded-template-library\include\etl\limiter.h">
      <Filter>Source Files\Libraries\embedded-template-library</Filter>
    </ClInclude>
    <ClInclude Include="..\..\Components\_Libraries\embedded-template-library\include\etl\limits.h">
      <Filter>Source Files\Libraries\embedded-template-library</Filter>
    </ClInclude>
    <ClInclude Include="..\..\Components\_Libraries\embedded-template-library\include\etl\list.h">
      <Filter>Source Files\Libraries\embedded-template-library</Filter>
    </ClInclude>
    <ClInclude Include="..\..\Components\_Libraries\embedded-template-library\include\etl\log.h">
      <Filter>Source Files\Libraries\embedded-template-library</Filter>
    </ClInclude>
    <ClInclude Include="..\..\Components\_Libraries\embedded-template-library\include\etl\macros.h">
      <Filter>Source Files\Libraries\embedded-template-library</Filter>
    </ClInclude>
    <ClInclude Include="..\..\Components\_Libraries\embedded-template-library\include\etl\map.h">
      <Filter>Source Files\Libraries\embedded-template-library</Filter>
    </ClInclude>
    <ClInclude Include="..\..\Components\_Libraries\embedded-template-library\include\etl\math_constants.h">
      <Filter>Source Files\Libraries\embedded-template-library</Filter>
    </ClInclude>
    <ClInclude Include="..\..\Components\_Libraries\embedded-template-library\include\etl\mean.h">
      <Filter>Source Files\Libraries\embedded-template-library</Filter>
    </ClInclude>
    <ClInclude Include="..\..\Components\_Libraries\embedded-template-library\include\etl\memory.h">
      <Filter>Source Files\Libraries\embedded-template-library</Filter>
    </ClInclude>
    <ClInclude Include="..\..\Components\_Libraries\embedded-template-library\include\etl\memory_model.h">
      <Filter>Source Files\Libraries\embedded-template-library</Filter>
    </ClInclude>
    <ClInclude Include="..\..\Components\_Libraries\embedded-template-library\include\etl\mem_cast.h">
      <Filter>Source Files\Libraries\embedded-template-library</Filter>
    </ClInclude>
    <ClInclude Include="..\..\Components\_Libraries\embedded-template-library\include\etl\message.h">
      <Filter>Source Files\Libraries\embedded-template-library</Filter>
    </ClInclude>
    <ClInclude Include="..\..\Components\_Libraries\embedded-template-library\include\etl\message_broker.h">
      <Filter>Source Files\Libraries\embedded-template-library</Filter>
    </ClInclude>
    <ClInclude Include="..\..\Components\_Libraries\embedded-template-library\include\etl\message_bus.h">
      <Filter>Source Files\Libraries\embedded-template-library</Filter>
    </ClInclude>
    <ClInclude Include="..\..\Components\_Libraries\embedded-template-library\include\etl\message_packet.h">
      <Filter>Source Files\Libraries\embedded-template-library</Filter>
    </ClInclude>
    <ClInclude Include="..\..\Components\_Libraries\embedded-template-library\include\etl\message_router.h">
      <Filter>Source Files\Libraries\embedded-template-library</Filter>
    </ClInclude>
    <ClInclude Include="..\..\Components\_Libraries\embedded-template-library\include\etl\message_router_registry.h">
      <Filter>Source Files\Libraries\embedded-template-library</Filter>
    </ClInclude>
    <ClInclude Include="..\..\Components\_Libraries\embedded-template-library\include\etl\message_timer.h">
      <Filter>Source Files\Libraries\embedded-template-library</Filter>
    </ClInclude>
    <ClInclude Include="..\..\Components\_Libraries\embedded-template-library\include\etl\message_timer_atomic.h">
      <Filter>Source Files\Libraries\embedded-template-library</Filter>
    </ClInclude>
    <ClInclude Include="..\..\Components\_Libraries\embedded-template-library\include\etl\message_timer_interrupt.h">
      <Filter>Source Files\Libraries\embedded-template-library</Filter>
    </ClInclude>
    <ClInclude Include="..\..\Components\_Libraries\embedded-template-library\include\etl\message_timer_locked.h">
      <Filter>Source Files\Libraries\embedded-template-library</Filter>
    </ClInclude>
    <ClInclude Include="..\..\Components\_Libraries\embedded-template-library\include\etl\message_types.h">
      <Filter>Source Files\Libraries\embedded-template-library</Filter>
    </ClInclude>
    <ClInclude Include="..\..\Components\_Libraries\embedded-template-library\include\etl\multimap.h">
      <Filter>Source Files\Libraries\embedded-template-library</Filter>
    </ClInclude>
    <ClInclude Include="..\..\Components\_Libraries\embedded-template-library\include\etl\multiset.h">
      <Filter>Source Files\Libraries\embedded-template-library</Filter>
    </ClInclude>
    <ClInclude Include="..\..\Components\_Libraries\embedded-template-library\include\etl\multi_array.h">
      <Filter>Source Files\Libraries\embedded-template-library</Filter>
    </ClInclude>
    <ClInclude Include="..\..\Components\_Libraries\embedded-template-library\include\etl\multi_range.h">
      <Filter>Source Files\Libraries\embedded-template-library</Filter>
    </ClInclude>
    <ClInclude Include="..\..\Components\_Libraries\embedded-template-library\include\etl\multi_span.h">
      <Filter>Source Files\Libraries\embedded-template-library</Filter>
    </ClInclude>
    <ClInclude Include="..\..\Components\_Libraries\embedded-template-library\include\etl\multi_vector.h">
      <Filter>Source Files\Libraries\embedded-template-library</Filter>
    </ClInclude>
    <ClInclude Include="..\..\Components\_Libraries\embedded-template-library\include\etl\murmur3.h">
      <Filter>Source Files\Libraries\embedded-template-library</Filter>
    </ClInclude>
    <ClInclude Include="..\..\Components\_Libraries\embedded-template-library\include\etl\mutex\mutex_arm.h">
      <Filter>Source Files\Libraries\embedded-template-library</Filter>
    </ClInclude>
    <ClInclude Include="..\..\Components\_Libraries\embedded-template-library\include\etl\mutex\mutex_clang_sync.h">
      <Filter>Source Files\Libraries\embedded-template-library</Filter>
    </ClInclude>
    <ClInclude Include="..\..\Components\_Libraries\embedded-template-library\include\etl\mutex\mutex_cmsis_os2.h">
      <Filter>Source Files\Libraries\embedded-template-library</Filter>
    </ClInclude>
    <ClInclude Include="..\..\Components\_Libraries\embedded-template-library\include\etl\mutex\mutex_freertos.h">
      <Filter>Source Files\Libraries\embedded-template-library</Filter>
    </ClInclude>
    <ClInclude Include="..\..\Components\_Libraries\embedded-template-library\include\etl\mutex\mutex_gcc_sync.h">
      <Filter>Source Files\Libraries\embedded-template-library</Filter>
    </ClInclude>
    <ClInclude Include="..\..\Components\_Libraries\embedded-template-library\include\etl\mutex\mutex_std.h">
      <Filter>Source Files\Libraries\embedded-template-library</Filter>
    </ClInclude>
    <ClInclude Include="..\..\Components\_Libraries\embedded-template-library\include\etl\mutex.h">
      <Filter>Source Files\Libraries\embedded-template-library</Filter>
    </ClInclude>
    <ClInclude Include="..\..\Components\_Libraries\embedded-template-library\include\etl\negative.h">
      <Filter>Source Files\Libraries\embedded-template-library</Filter>
    </ClInclude>
    <ClInclude Include="..\..\Components\_Libraries\embedded-template-library\include\etl\nth_type.h">
      <Filter>Source Files\Libraries\embedded-template-library</Filter>
    </ClInclude>
    <ClInclude Include="..\..\Components\_Libraries\embedded-template-library\include\etl\nullptr.h">
      <Filter>Source Files\Libraries\embedded-template-library</Filter>
    </ClInclude>
    <ClInclude Include="..\..\Components\_Libraries\embedded-template-library\include\etl\null_type.h">
      <Filter>Source Files\Libraries\embedded-template-library</Filter>
    </ClInclude>
    <ClInclude Include="..\..\Components\_Libraries\embedded-template-library\include\etl\numeric.h">
      <Filter>Source Files\Libraries\embedded-template-library</Filter>
    </ClInclude>
    <ClInclude Include="..\..\Components\_Libraries\embedded-template-library\include\etl\observer.h">
      <Filter>Source Files\Libraries\embedded-template-library</Filter>
    </ClInclude>
    <ClInclude Include="..\..\Components\_Libraries\embedded-template-library\include\etl\optional.h">
      <Filter>Source Files\Libraries\embedded-template-library</Filter>
    </ClInclude>
    <ClInclude Include="..\..\Components\_Libraries\embedded-template-library\include\etl\overload.h">
      <Filter>Source Files\Libraries\embedded-template-library</Filter>
    </ClInclude>
    <ClInclude Include="..\..\Components\_Libraries\embedded-template-library\include\etl\packet.h">
      <Filter>Source Files\Libraries\embedded-template-library</Filter>
    </ClInclude>
    <ClInclude Include="..\..\Components\_Libraries\embedded-template-library\include\etl\parameter_pack.h">
      <Filter>Source Files\Libraries\embedded-template-library</Filter>
    </ClInclude>
    <ClInclude Include="..\..\Components\_Libraries\embedded-template-library\include\etl\parameter_type.h">
      <Filter>Source Files\Libraries\embedded-template-library</Filter>
    </ClInclude>
    <ClInclude Include="..\..\Components\_Libraries\embedded-template-library\include\etl\pearson.h">
      <Filter>Source Files\Libraries\embedded-template-library</Filter>
    </ClInclude>
    <ClInclude Include="..\..\Components\_Libraries\embedded-template-library\include\etl\permutations.h">
      <Filter>Source Files\Libraries\embedded-template-library</Filter>
    </ClInclude>
    <ClInclude Include="..\..\Components\_Libraries\embedded-template-library\include\etl\placement_new.h">
      <Filter>Source Files\Libraries\embedded-template-library</Filter>
    </ClInclude>
    <ClInclude Include="..\..\Components\_Libraries\embedded-template-library\include\etl\platform.h">
      <Filter>Source Files\Libraries\embedded-template-library</Filter>
    </ClInclude>
    <ClInclude Include="..\..\Components\_Libraries\embedded-template-library\include\etl\poly_span.h">
      <Filter>Source Files\Libraries\embedded-template-library</Filter>
    </ClInclude>
    <ClInclude Include="..\..\Components\_Libraries\embedded-template-library\include\etl\pool.h">
      <Filter>Source Files\Libraries\embedded-template-library</Filter>
    </ClInclude>
    <ClInclude Include="..\..\Components\_Libraries\embedded-template-library\include\etl\power.h">
      <Filter>Source Files\Libraries\embedded-template-library</Filter>
    </ClInclude>
    <ClInclude Include="..\..\Components\_Libraries\embedded-template-library\include\etl\priority_queue.h">
      <Filter>Source Files\Libraries\embedded-template-library</Filter>
    </ClInclude>
    <ClInclude Include="..\..\Components\_Libraries\embedded-template-library\include\etl\private\bitset_legacy.h">
      <Filter>Source Files\Libraries\embedded-template-library</Filter>
    </ClInclude>
    <ClInclude Include="..\..\Components\_Libraries\embedded-template-library\include\etl\private\bitset_new.h">
      <Filter>Source Files\Libraries\embedded-template-library</Filter>
    </ClInclude>
    <ClInclude Include="..\..\Components\_Libraries\embedded-template-library\include\etl\private\choose_namespace.h">
      <Filter>Source Files\Libraries\embedded-template-library</Filter>
    </ClInclude>
    <ClInclude Include="..\..\Components\_Libraries\embedded-template-library\include\etl\private\comparator_is_transparent.h">
      <Filter>Source Files\Libraries\embedded-template-library</Filter>
    </ClInclude>
    <ClInclude Include="..\..\Components\_Libraries\embedded-template-library\include\etl\private\crc_implementation.h">
      <Filter>Source Files\Libraries\embedded-template-library</Filter>
    </ClInclude>
    <ClInclude Include="..\..\Components\_Libraries\embedded-template-library\include\etl\private\crc_parameters.h">
      <Filter>Source Files\Libraries\embedded-template-library</Filter>
    </ClInclude>
    <ClInclude Include="..\..\Components\_Libraries\embedded-template-library\include\etl\private\delegate_cpp03.h">
      <Filter>Source Files\Libraries\embedded-template-library</Filter>
    </ClInclude>
    <ClInclude Include="..\..\Components\_Libraries\embedded-template-library\include\etl\private\delegate_cpp11.h">
      <Filter>Source Files\Libraries\embedded-template-library</Filter>
    </ClInclude>
    <ClInclude Include="..\..\Components\_Libraries\embedded-template-library\include\etl\private\diagnostic_pessimizing-move_push.h">
      <Filter>Source Files\Libraries\embedded-template-library</Filter>
    </ClInclude>
    <ClInclude Include="..\..\Components\_Libraries\embedded-template-library\include\etl\private\diagnostic_pop.h">
      <Filter>Source Files\Libraries\embedded-template-library</Filter>
    </ClInclude>
    <ClInclude Include="..\..\Components\_Libraries\embedded-template-library\include\etl\private\diagnostic_self_assign_overloaded_push.h">
      <Filter>Source Files\Libraries\embedded-template-library</Filter>
    </ClInclude>
    <ClInclude Include="..\..\Components\_Libraries\embedded-template-library\include\etl\private\diagnostic_unused_function_push.h">
      <Filter>Source Files\Libraries\embedded-template-library</Filter>
    </ClInclude>
    <ClInclude Include="..\..\Components\_Libraries\embedded-template-library\include\etl\private\dynamic_extent.h">
      <Filter>Source Files\Libraries\embedded-template-library</Filter>
    </ClInclude>
    <ClInclude Include="..\..\Components\_Libraries\embedded-template-library\include\etl\private\ivectorpointer.h">
      <Filter>Source Files\Libraries\embedded-template-library</Filter>
    </ClInclude>
    <ClInclude Include="..\..\Components\_Libraries\embedded-template-library\include\etl\private\minmax_pop.h">
      <Filter>Source Files\Libraries\embedded-template-library</Filter>
    </ClInclude>
    <ClInclude Include="..\..\Components\_Libraries\embedded-template-library\include\etl\private\minmax_push.h">
      <Filter>Source Files\Libraries\embedded-template-library</Filter>
    </ClInclude>
    <ClInclude Include="..\..\Components\_Libraries\embedded-template-library\include\etl\private\pvoidvector.h">
      <Filter>Source Files\Libraries\embedded-template-library</Filter>
    </ClInclude>
    <ClInclude Include="..\..\Components\_Libraries\embedded-template-library\include\etl\private\to_string_helper.h">
      <Filter>Source Files\Libraries\embedded-template-library</Filter>
    </ClInclude>
    <ClInclude Include="..\..\Components\_Libraries\embedded-template-library\include\etl\private\variant_legacy.h">
      <Filter>Source Files\Libraries\embedded-template-library</Filter>
    </ClInclude>
    <ClInclude Include="..\..\Components\_Libraries\embedded-template-library\include\etl\private\variant_variadic.h">
      <Filter>Source Files\Libraries\embedded-template-library</Filter>
    </ClInclude>
    <ClInclude Include="..\..\Components\_Libraries\embedded-template-library\include\etl\private\vector_base.h">
      <Filter>Source Files\Libraries\embedded-template-library</Filter>
    </ClInclude>
    <ClInclude Include="..\..\Components\_Libraries\embedded-template-library\include\etl\profiles\arduino_arm.h">
      <Filter>Source Files\Libraries\embedded-template-library</Filter>
    </ClInclude>
    <ClInclude Include="..\..\Components\_Libraries\embedded-template-library\include\etl\profiles\armv5.h">
      <Filter>Source Files\Libraries\embedded-template-library</Filter>
    </ClInclude>
    <ClInclude Include="..\..\Components\_Libraries\embedded-template-library\include\etl\profiles\armv5_no_stl.h">
      <Filter>Source Files\Libraries\embedded-template-library</Filter>
    </ClInclude>
    <ClInclude Include="..\..\Components\_Libraries\embedded-template-library\include\etl\profiles\armv6.h">
      <Filter>Source Files\Libraries\embedded-template-library</Filter>
    </ClInclude>
    <ClInclude Include="..\..\Components\_Libraries\embedded-template-library\include\etl\profiles\armv6_no_stl.h">
      <Filter>Source Files\Libraries\embedded-template-library</Filter>
    </ClInclude>
    <ClInclude Include="..\..\Components\_Libraries\embedded-template-library\include\etl\profiles\armv7.h">
      <Filter>Source Files\Libraries\embedded-template-library</Filter>
    </ClInclude>
    <ClInclude Include="..\..\Components\_Libraries\embedded-template-library\include\etl\profiles\armv7_no_stl.h">
      <Filter>Source Files\Libraries\embedded-template-library</Filter>
    </ClInclude>
    <ClInclude Include="..\..\Components\_Libraries\embedded-template-library\include\etl\profiles\auto.h">
      <Filter>Source Files\Libraries\embedded-template-library</Filter>
    </ClInclude>
    <ClInclude Include="..\..\Components\_Libraries\embedded-template-library\include\etl\profiles\clang_generic.h">
      <Filter>Source Files\Libraries\embedded-template-library</Filter>
    </ClInclude>
    <ClInclude Include="..\..\Components\_Libraries\embedded-template-library\include\etl\profiles\clang_generic_no_stl.h">
      <Filter>Source Files\Libraries\embedded-template-library</Filter>
    </ClInclude>
    <ClInclude Include="..\..\Components\_Libraries\embedded-template-library\include\etl\profiles\cpp03.h">
      <Filter>Source Files\Libraries\embedded-template-library</Filter>
    </ClInclude>
    <ClInclude Include="..\..\Components\_Libraries\embedded-template-library\include\etl\profiles\cpp03_no_stl.h">
      <Filter>Source Files\Libraries\embedded-template-library</Filter>
    </ClInclude>
    <ClInclude Include="..\..\Components\_Libraries\embedded-template-library\include\etl\profiles\cpp11.h">
      <Filter>Source Files\Libraries\embedded-template-library</Filter>
    </ClInclude>
    <ClInclude Include="..\..\Components\_Libraries\embedded-template-library\include\etl\profiles\cpp11_no_stl.h">
      <Filter>Source Files\Libraries\embedded-template-library</Filter>
    </ClInclude>
    <ClInclude Include="..\..\Components\_Libraries\embedded-template-library\include\etl\profiles\cpp14.h">
      <Filter>Source Files\Libraries\embedded-template-library</Filter>
    </ClInclude>
    <ClInclude Include="..\..\Components\_Libraries\embedded-template-library\include\etl\profiles\cpp14_no_stl.h">
      <Filter>Source Files\Libraries\embedded-template-library</Filter>
    </ClInclude>
    <ClInclude Include="..\..\Components\_Libraries\embedded-template-library\include\etl\profiles\cpp17.h">
      <Filter>Source Files\Libraries\embedded-template-library</Filter>
    </ClInclude>
    <ClInclude Include="..\..\Components\_Libraries\embedded-template-library\include\etl\profiles\cpp17_no_stl.h">
      <Filter>Source Files\Libraries\embedded-template-library</Filter>
    </ClInclude>
    <ClInclude Include="..\..\Components\_Libraries\embedded-template-library\include\etl\profiles\determine_builtin_support.h">
      <Filter>Source Files\Libraries\embedded-template-library</Filter>
    </ClInclude>
    <ClInclude Include="..\..\Components\_Libraries\embedded-template-library\include\etl\profiles\determine_compiler.h">
      <Filter>Source Files\Libraries\embedded-template-library</Filter>
    </ClInclude>
    <ClInclude Include="..\..\Components\_Libraries\embedded-template-library\include\etl\profiles\determine_compiler_language_support.h">
      <Filter>Source Files\Libraries\embedded-template-library</Filter>
    </ClInclude>
    <ClInclude Include="..\..\Components\_Libraries\embedded-template-library\include\etl\profiles\determine_compiler_version.h">
      <Filter>Source Files\Libraries\embedded-template-library</Filter>
    </ClInclude>
    <ClInclude Include="..\..\Components\_Libraries\embedded-template-library\include\etl\profiles\determine_development_os.h">
      <Filter>Source Files\Libraries\embedded-template-library</Filter>
    </ClInclude>
    <ClInclude Include="..\..\Components\_Libraries\embedded-template-library\include\etl\profiles\gcc_generic.h">
      <Filter>Source Files\Libraries\embedded-template-library</Filter>
    </ClInclude>
    <ClInclude Include="..\..\Components\_Libraries\embedded-template-library\include\etl\profiles\gcc_generic_no_stl.h">
      <Filter>Source Files\Libraries\embedded-template-library</Filter>
    </ClInclude>
    <ClInclude Include="..\..\Components\_Libraries\embedded-template-library\include\etl\profiles\gcc_linux_x86.h">
      <Filter>Source Files\Libraries\embedded-template-library</Filter>
    </ClInclude>
    <ClInclude Include="..\..\Components\_Libraries\embedded-template-library\include\etl\profiles\gcc_linux_x86_no_stl.h">
      <Filter>Source Files\Libraries\embedded-template-library</Filter>
    </ClInclude>
    <ClInclude Include="..\..\Components\_Libraries\embedded-template-library\include\etl\profiles\gcc_windows_x86.h">
      <Filter>Source Files\Libraries\embedded-template-library</Filter>
    </ClInclude>
    <ClInclude Include="..\..\Components\_Libraries\embedded-template-library\include\etl\profiles\gcc_windows_x86_no_stl.h">
      <Filter>Source Files\Libraries\embedded-template-library</Filter>
    </ClInclude>
    <ClInclude Include="..\..\Components\_Libraries\embedded-template-library\include\etl\profiles\msvc_x86.h">
      <Filter>Source Files\Libraries\embedded-template-library</Filter>
    </ClInclude>
    <ClInclude Include="..\..\Components\_Libraries\embedded-template-library\include\etl\profiles\msvc_x86_no_stl.h">
      <Filter>Source Files\Libraries\embedded-template-library</Filter>
    </ClInclude>
    <ClInclude Include="..\..\Components\_Libraries\embedded-template-library\include\etl\profiles\segger_gcc_stlport.h">
      <Filter>Source Files\Libraries\embedded-template-library</Filter>
    </ClInclude>
    <ClInclude Include="..\..\Components\_Libraries\embedded-template-library\include\etl\profiles\ticc.h">
      <Filter>Source Files\Libraries\embedded-template-library</Filter>
    </ClInclude>
    <ClInclude Include="..\..\Components\_Libraries\embedded-template-library\include\etl\profiles\ticc_no_stl.h">
      <Filter>Source Files\Libraries\embedded-template-library</Filter>
    </ClInclude>
    <ClInclude Include="..\..\Components\_Libraries\embedded-template-library\include\etl\pseudo_moving_average.h">
      <Filter>Source Files\Libraries\embedded-template-library</Filter>
    </ClInclude>
    <ClInclude Include="..\..\Components\_Libraries\embedded-template-library\include\etl\quantize.h">
      <Filter>Source Files\Libraries\embedded-template-library</Filter>
    </ClInclude>
    <ClInclude Include="..\..\Components\_Libraries\embedded-template-library\include\etl\queue.h">
      <Filter>Source Files\Libraries\embedded-template-library</Filter>
    </ClInclude>
    <ClInclude Include="..\..\Components\_Libraries\embedded-template-library\include\etl\queue_lockable.h">
      <Filter>Source Files\Libraries\embedded-template-library</Filter>
    </ClInclude>
    <ClInclude Include="..\..\Components\_Libraries\embedded-template-library\include\etl\queue_mpmc_mutex.h">
      <Filter>Source Files\Libraries\embedded-template-library</Filter>
    </ClInclude>
    <ClInclude Include="..\..\Components\_Libraries\embedded-template-library\include\etl\queue_spsc_atomic.h">
      <Filter>Source Files\Libraries\embedded-template-library</Filter>
    </ClInclude>
    <ClInclude Include="..\..\Components\_Libraries\embedded-template-library\include\etl\queue_spsc_isr.h">
      <Filter>Source Files\Libraries\embedded-template-library</Filter>
    </ClInclude>
    <ClInclude Include="..\..\Components\_Libraries\embedded-template-library\include\etl\queue_spsc_locked.h">
      <Filter>Source Files\Libraries\embedded-template-library</Filter>
    </ClInclude>
    <ClInclude Include="..\..\Components\_Libraries\embedded-template-library\include\etl\radix.h">
      <Filter>Source Files\Libraries\embedded-template-library</Filter>
    </ClInclude>
    <ClInclude Include="..\..\Components\_Libraries\embedded-template-library\include\etl\random.h">
      <Filter>Source Files\Libraries\embedded-template-library</Filter>
    </ClInclude>
    <ClInclude Include="..\..\Components\_Libraries\embedded-template-library\include\etl\ratio.h">
      <Filter>Source Files\Libraries\embedded-template-library</Filter>
    </ClInclude>
    <ClInclude Include="..\..\Components\_Libraries\embedded-template-library\include\etl\reference_counted_message.h">
      <Filter>Source Files\Libraries\embedded-template-library</Filter>
    </ClInclude>
    <ClInclude Include="..\..\Components\_Libraries\embedded-template-library\include\etl\reference_counted_message_pool.h">
      <Filter>Source Files\Libraries\embedded-template-library</Filter>
    </ClInclude>
    <ClInclude Include="..\..\Components\_Libraries\embedded-template-library\include\etl\reference_counted_object.h">
      <Filter>Source Files\Libraries\embedded-template-library</Filter>
    </ClInclude>
    <ClInclude Include="..\..\Components\_Libraries\embedded-template-library\include\etl\reference_flat_map.h">
      <Filter>Source Files\Libraries\embedded-template-library</Filter>
    </ClInclude>
    <ClInclude Include="..\..\Components\_Libraries\embedded-template-library\include\etl\reference_flat_multimap.h">
      <Filter>Source Files\Libraries\embedded-template-library</Filter>
    </ClInclude>
    <ClInclude Include="..\..\Components\_Libraries\embedded-template-library\include\etl\reference_flat_multiset.h">
      <Filter>Source Files\Libraries\embedded-template-library</Filter>
    </ClInclude>
    <ClInclude Include="..\..\Components\_Libraries\embedded-template-library\include\etl\reference_flat_set.h">
      <Filter>Source Files\Libraries\embedded-template-library</Filter>
    </ClInclude>
    <ClInclude Include="..\..\Components\_Libraries\embedded-template-library\include\etl\rescale.h">
      <Filter>Source Files\Libraries\embedded-template-library</Filter>
    </ClInclude>
    <ClInclude Include="..\..\Components\_Libraries\embedded-template-library\include\etl\result.h">
      <Filter>Source Files\Libraries\embedded-template-library</Filter>
    </ClInclude>
    <ClInclude Include="..\..\Components\_Libraries\embedded-template-library\include\etl\rms.h">
      <Filter>Source Files\Libraries\embedded-template-library</Filter>
    </ClInclude>
    <ClInclude Include="..\..\Components\_Libraries\embedded-template-library\include\etl\scaled_rounding.h">
      <Filter>Source Files\Libraries\embedded-template-library</Filter>
    </ClInclude>
    <ClInclude Include="..\..\Components\_Libraries\embedded-template-library\include\etl\scheduler.h">
      <Filter>Source Files\Libraries\embedded-template-library</Filter>
    </ClInclude>
    <ClInclude Include="..\..\Components\_Libraries\embedded-template-library\include\etl\set.h">
      <Filter>Source Files\Libraries\embedded-template-library</Filter>
    </ClInclude>
    <ClInclude Include="..\..\Components\_Libraries\embedded-template-library\include\etl\shared_message.h">
      <Filter>Source Files\Libraries\embedded-template-library</Filter>
    </ClInclude>
    <ClInclude Include="..\..\Components\_Libraries\embedded-template-library\include\etl\singleton.h">
      <Filter>Source Files\Libraries\embedded-template-library</Filter>
    </ClInclude>
    <ClInclude Include="..\..\Components\_Libraries\embedded-template-library\include\etl\smallest.h">
      <Filter>Source Files\Libraries\embedded-template-library</Filter>
    </ClInclude>
    <ClInclude Include="..\..\Components\_Libraries\embedded-template-library\include\etl\span.h">
      <Filter>Source Files\Libraries\embedded-template-library</Filter>
    </ClInclude>
    <ClInclude Include="..\..\Components\_Libraries\embedded-template-library\include\etl\sqrt.h">
      <Filter>Source Files\Libraries\embedded-template-library</Filter>
    </ClInclude>
    <ClInclude Include="..\..\Components\_Libraries\embedded-template-library\include\etl\stack.h">
      <Filter>Source Files\Libraries\embedded-template-library</Filter>
    </ClInclude>
    <ClInclude Include="..\..\Components\_Libraries\embedded-template-library\include\etl\standard_deviation.h">
      <Filter>Source Files\Libraries\embedded-template-library</Filter>
    </ClInclude>
    <ClInclude Include="..\..\Components\_Libraries\embedded-template-library\include\etl\state_chart.h">
      <Filter>Source Files\Libraries\embedded-template-library</Filter>
    </ClInclude>
    <ClInclude Include="..\..\Components\_Libraries\embedded-template-library\include\etl\static_assert.h">
      <Filter>Source Files\Libraries\embedded-template-library</Filter>
    </ClInclude>
    <ClInclude Include="..\..\Components\_Libraries\embedded-template-library\include\etl\string.h">
      <Filter>Source Files\Libraries\embedded-template-library</Filter>
    </ClInclude>
    <ClInclude Include="..\..\Components\_Libraries\embedded-template-library\include\etl\string_stream.h">
      <Filter>Source Files\Libraries\embedded-template-library</Filter>
    </ClInclude>
    <ClInclude Include="..\..\Components\_Libraries\embedded-template-library\include\etl\string_utilities.h">
      <Filter>Source Files\Libraries\embedded-template-library</Filter>
    </ClInclude>
    <ClInclude Include="..\..\Components\_Libraries\embedded-template-library\include\etl\string_view.h">
      <Filter>Source Files\Libraries\embedded-template-library</Filter>
    </ClInclude>
    <ClInclude Include="..\..\Components\_Libraries\embedded-template-library\include\etl\successor.h">
      <Filter>Source Files\Libraries\embedded-template-library</Filter>
    </ClInclude>
    <ClInclude Include="..\..\Components\_Libraries\embedded-template-library\include\etl\task.h">
      <Filter>Source Files\Libraries\embedded-template-library</Filter>
    </ClInclude>
    <ClInclude Include="..\..\Components\_Libraries\embedded-template-library\include\etl\threshold.h">
      <Filter>Source Files\Libraries\embedded-template-library</Filter>
    </ClInclude>
    <ClInclude Include="..\..\Components\_Libraries\embedded-template-library\include\etl\timer.h">
      <Filter>Source Files\Libraries\embedded-template-library</Filter>
    </ClInclude>
    <ClInclude Include="..\..\Components\_Libraries\embedded-template-library\include\etl\to_string.h">
      <Filter>Source Files\Libraries\embedded-template-library</Filter>
    </ClInclude>
    <ClInclude Include="..\..\Components\_Libraries\embedded-template-library\include\etl\to_u16string.h">
      <Filter>Source Files\Libraries\embedded-template-library</Filter>
    </ClInclude>
    <ClInclude Include="..\..\Components\_Libraries\embedded-template-library\include\etl\to_u32string.h">
      <Filter>Source Files\Libraries\embedded-template-library</Filter>
    </ClInclude>
    <ClInclude Include="..\..\Components\_Libraries\embedded-template-library\include\etl\to_wstring.h">
      <Filter>Source Files\Libraries\embedded-template-library</Filter>
    </ClInclude>
    <ClInclude Include="..\..\Components\_Libraries\embedded-template-library\include\etl\type_def.h">
      <Filter>Source Files\Libraries\embedded-template-library</Filter>
    </ClInclude>
    <ClInclude Include="..\..\Components\_Libraries\embedded-template-library\include\etl\type_lookup.h">
      <Filter>Source Files\Libraries\embedded-template-library</Filter>
    </ClInclude>
    <ClInclude Include="..\..\Components\_Libraries\embedded-template-library\include\etl\type_select.h">
      <Filter>Source Files\Libraries\embedded-template-library</Filter>
    </ClInclude>
    <ClInclude Include="..\..\Components\_Libraries\embedded-template-library\include\etl\type_traits.h">
      <Filter>Source Files\Libraries\embedded-template-library</Filter>
    </ClInclude>
    <ClInclude Include="..\..\Components\_Libraries\embedded-template-library\include\etl\u16format_spec.h">
      <Filter>Source Files\Libraries\embedded-template-library</Filter>
    </ClInclude>
    <ClInclude Include="..\..\Components\_Libraries\embedded-template-library\include\etl\u16string.h">
      <Filter>Source Files\Libraries\embedded-template-library</Filter>
    </ClInclude>
    <ClInclude Include="..\..\Components\_Libraries\embedded-template-library\include\etl\u16string_stream.h">
      <Filter>Source Files\Libraries\embedded-template-library</Filter>
    </ClInclude>
    <ClInclude Include="..\..\Components\_Libraries\embedded-template-library\include\etl\u32format_spec.h">
      <Filter>Source Files\Libraries\embedded-template-library</Filter>
    </ClInclude>
    <ClInclude Include="..\..\Components\_Libraries\embedded-template-library\include\etl\u32string.h">
      <Filter>Source Files\Libraries\embedded-template-library</Filter>
    </ClInclude>
    <ClInclude Include="..\..\Components\_Libraries\embedded-template-library\include\etl\u32string_stream.h">
      <Filter>Source Files\Libraries\embedded-template-library</Filter>
    </ClInclude>
    <ClInclude Include="..\..\Components\_Libraries\embedded-template-library\include\etl\unaligned_type.h">
      <Filter>Source Files\Libraries\embedded-template-library</Filter>
    </ClInclude>
    <ClInclude Include="..\..\Components\_Libraries\embedded-template-library\include\etl\unordered_map.h">
      <Filter>Source Files\Libraries\embedded-template-library</Filter>
    </ClInclude>
    <ClInclude Include="..\..\Components\_Libraries\embedded-template-library\include\etl\unordered_multimap.h">
      <Filter>Source Files\Libraries\embedded-template-library</Filter>
    </ClInclude>
    <ClInclude Include="..\..\Components\_Libraries\embedded-template-library\include\etl\unordered_multiset.h">
      <Filter>Source Files\Libraries\embedded-template-library</Filter>
    </ClInclude>
    <ClInclude Include="..\..\Components\_Libraries\embedded-template-library\include\etl\unordered_set.h">
      <Filter>Source Files\Libraries\embedded-template-library</Filter>
    </ClInclude>
    <ClInclude Include="..\..\Components\_Libraries\embedded-template-library\include\etl\user_type.h">
      <Filter>Source Files\Libraries\embedded-template-library</Filter>
    </ClInclude>
    <ClInclude Include="..\..\Components\_Libraries\embedded-template-library\include\etl\utility.h">
      <Filter>Source Files\Libraries\embedded-template-library</Filter>
    </ClInclude>
    <ClInclude Include="..\..\Components\_Libraries\embedded-template-library\include\etl\variance.h">
      <Filter>Source Files\Libraries\embedded-template-library</Filter>
    </ClInclude>
    <ClInclude Include="..\..\Components\_Libraries\embedded-template-library\include\etl\variant.h">
      <Filter>Source Files\Libraries\embedded-template-library</Filter>
    </ClInclude>
    <ClInclude Include="..\..\Components\_Libraries\embedded-template-library\include\etl\variant_pool.h">
      <Filter>Source Files\Libraries\embedded-template-library</Filter>
    </ClInclude>
    <ClInclude Include="..\..\Components\_Libraries\embedded-template-library\include\etl\vector.h">
      <Filter>Source Files\Libraries\embedded-template-library</Filter>
    </ClInclude>
    <ClInclude Include="..\..\Components\_Libraries\embedded-template-library\include\etl\version.h">
      <Filter>Source Files\Libraries\embedded-template-library</Filter>
    </ClInclude>
    <ClInclude Include="..\..\Components\_Libraries\embedded-template-library\include\etl\visitor.h">
      <Filter>Source Files\Libraries\embedded-template-library</Filter>
    </ClInclude>
    <ClInclude Include="..\..\Components\_Libraries\embedded-template-library\include\etl\wformat_spec.h">
      <Filter>Source Files\Libraries\embedded-template-library</Filter>
    </ClInclude>
    <ClInclude Include="..\..\Components\_Libraries\embedded-template-library\include\etl\wstring.h">
      <Filter>Source Files\Libraries\embedded-template-library</Filter>
    </ClInclude>
    <ClInclude Include="..\..\Components\_Libraries\embedded-template-library\include\etl\wstring_stream.h">
      <Filter>Source Files\Libraries\embedded-template-library</Filter>
    </ClInclude>
    <ClInclude Include="..\..\Components\_Libraries\embedded-template-library\include\etl_profile.h">
      <Filter>Source Files\Libraries\embedded-template-library</Filter>
    </ClInclude>
    <ClInclude Include="..\..\Components\FlightControl\Inc\RocketSM.hpp">
      <Filter>Source Files\Components\FlightControl\Inc</Filter>
    </ClInclude>
    <ClInclude Include="..\..\Components\Sensors\Inc\BarometerTask.hpp">
      <Filter>Source Files\Components\Sensors\Inc</Filter>
    </ClInclude>
    <ClInclude Include="..\..\Components\Sensors\Inc\Data.h">
      <Filter>Source Files\Components\Sensors\Inc</Filter>
    </ClInclude>
    <ClInclude Include="..\..\Components\Sensors\Inc\IMUTask.hpp">
      <Filter>Source Files\Components\Sensors\Inc</Filter>
    </ClInclude>
    <ClInclude Include="..\..\Components\SoarProtocol\SoarProto\ProtocolTask.hpp">
      <Filter>Source Files\Components\SoarProtocol\SoarProto</Filter>
    </ClInclude>
    <ClInclude Include="..\..\Components\SoarProtocol\SoarProto\cobs.h">
      <Filter>Source Files\Components\SoarProtocol\SoarProto</Filter>
    </ClInclude>
    <ClInclude Include="..\..\Components\SoarProtocol\DMBProtocolTask.hpp">
      <Filter>Source Files\Components\SoarProtocol</Filter>
    </ClInclude>
    <ClInclude Include="..\..\Components\SoarProtocol\SoarProto\_C++\TelemetryMessage.hpp">
      <Filter>Source Files\Components\SoarProtocol\SoarProto\_C++</Filter>
    </ClInclude>
    <ClInclude Include="..\..\Components\SoarProtocol\SoarProto\_C++\CommandMessage.hpp">
      <Filter>Source Files\Components\SoarProtocol\SoarProto\_C++</Filter>
    </ClInclude>
    <ClInclude Include="..\..\Components\SoarProtocol\SoarProto\_C++\ControlMessage.hpp">
      <Filter>Source Files\Components\SoarProtocol\SoarProto\_C++</Filter>
    </ClInclude>
    <ClInclude Include="..\..\Components\SoarProtocol\SoarProto\_C++\CoreProto.h">
      <Filter>Source Files\Components\SoarProtocol\SoarProto\_C++</Filter>
    </ClInclude>
    <ClInclude Include="..\..\Components\SoarProtocol\SoarProto\_EmbeddedProtoLib\Defines.h">
      <Filter>Source Files\Components\SoarProtocol\SoarProto\_EmbeddedProtoLib</Filter>
    </ClInclude>
    <ClInclude Include="..\..\Components\SoarProtocol\SoarProto\_EmbeddedProtoLib\Errors.h">
      <Filter>Source Files\Components\SoarProtocol\SoarProto\_EmbeddedProtoLib</Filter>
    </ClInclude>
    <ClInclude Include="..\..\Components\SoarProtocol\SoarProto\_EmbeddedProtoLib\Fields.h">
      <Filter>Source Files\Components\SoarProtocol\SoarProto\_EmbeddedProtoLib</Filter>
    </ClInclude>
    <ClInclude Include="..\..\Components\SoarProtocol\SoarProto\_EmbeddedProtoLib\FieldStringBytes.h">
      <Filter>Source Files\Components\SoarProtocol\SoarProto\_EmbeddedProtoLib</Filter>
    </ClInclude>
    <ClInclude Include="..\..\Components\SoarProtocol\SoarProto\_EmbeddedProtoLib\MessageInterface.h">
      <Filter>Source Files\Components\SoarProtocol\SoarProto\_EmbeddedProtoLib</Filter>
    </ClInclude>
    <ClInclude Include="..\..\Components\SoarProtocol\SoarProto\_EmbeddedProtoLib\MessageSizeCalculator.h">
      <Filter>Source Files\Components\SoarProtocol\SoarProto\_EmbeddedProtoLib</Filter>
    </ClInclude>
    <ClInclude Include="..\..\Components\SoarProtocol\SoarProto\_EmbeddedProtoLib\ReadBufferFixedSize.h">
      <Filter>Source Files\Components\SoarProtocol\SoarProto\_EmbeddedProtoLib</Filter>
    </ClInclude>
    <ClInclude Include="..\..\Components\SoarProtocol\SoarProto\_EmbeddedProtoLib\ReadBufferInterface.h">
      <Filter>Source Files\Components\SoarProtocol\SoarProto\_EmbeddedProtoLib</Filter>
    </ClInclude>
    <ClInclude Include="..\..\Components\SoarProtocol\SoarProto\_EmbeddedProtoLib\ReadBufferSection.h">
      <Filter>Source Files\Components\SoarProtocol\SoarProto\_EmbeddedProtoLib</Filter>
    </ClInclude>
    <ClInclude Include="..\..\Components\SoarProtocol\SoarProto\_EmbeddedProtoLib\RepeatedField.h">
      <Filter>Source Files\Components\SoarProtocol\SoarProto\_EmbeddedProtoLib</Filter>
    </ClInclude>
    <ClInclude Include="..\..\Components\SoarProtocol\SoarProto\_EmbeddedProtoLib\RepeatedFieldFixedSize.h">
      <Filter>Source Files\Components\SoarProtocol\SoarProto\_EmbeddedProtoLib</Filter>
    </ClInclude>
    <ClInclude Include="..\..\Components\SoarProtocol\SoarProto\_EmbeddedProtoLib\WireFormatter.h">
      <Filter>Source Files\Components\SoarProtocol\SoarProto\_EmbeddedProtoLib</Filter>
    </ClInclude>
    <ClInclude Include="..\..\Components\SoarProtocol\SoarProto\_EmbeddedProtoLib\WriteBufferFixedSize.h">
      <Filter>Source Files\Components\SoarProtocol\SoarProto\_EmbeddedProtoLib</Filter>
    </ClInclude>
    <ClInclude Include="..\..\Components\SoarProtocol\SoarProto\_EmbeddedProtoLib\WriteBufferInterface.h">
      <Filter>Source Files\Components\SoarProtocol\SoarProto\_EmbeddedProtoLib</Filter>
    </ClInclude>
  </ItemGroup>
</Project>