<?xml version="1.0" encoding="utf-8"?>
<Project ToolsVersion="4.0" xmlns="http://schemas.microsoft.com/developer/msbuild/2003">
  <ItemGroup>
    <Filter Include="Source Files">
      <UniqueIdentifier>{4FC737F1-C7A5-4376-A066-2A32D752A2FF}</UniqueIdentifier>
      <Extensions>cpp;c;cc;cxx;c++;cppm;ixx;def;odl;idl;hpj;bat;asm;asmx</Extensions>
    </Filter>
    <Filter Include="Header Files">
      <UniqueIdentifier>{93995380-89BD-4b04-88EB-625FBE52EBFB}</UniqueIdentifier>
      <Extensions>h;hh;hpp;hxx;h++;hm;inl;inc;ipp;xsd</Extensions>
    </Filter>
    <Filter Include="Resource Files">
      <UniqueIdentifier>{67DA6AB6-F800-4c08-8B7A-83BB121AAD01}</UniqueIdentifier>
      <Extensions>rc;ico;cur;bmp;dlg;rc2;rct;bin;rgs;gif;jpg;jpeg;jpe;resx;tiff;tif;png;wav;mfcribbon-ms</Extensions>
    </Filter>
    <Filter Include="Source Files\Components">
      <UniqueIdentifier>{4064cdf4-b4fe-4b24-ac54-19516d9c06dd}</UniqueIdentifier>
    </Filter>
    <Filter Include="Source Files\Components\SoarDebug">
      <UniqueIdentifier>{b6e9a4c6-b6cf-41f8-8280-3f617deb30ac}</UniqueIdentifier>
    </Filter>
    <Filter Include="Source Files\Components\Core">
      <UniqueIdentifier>{fd5aa63a-2cf1-4ee7-97c1-5b8eea1d2436}</UniqueIdentifier>
    </Filter>
    <Filter Include="Source Files\Components\Core\Inc">
      <UniqueIdentifier>{22d257b0-a096-41d2-9b01-4cc6280000c5}</UniqueIdentifier>
    </Filter>
    <Filter Include="Source Files\Core_RTOS">
      <UniqueIdentifier>{e3657de1-2498-4d24-802a-18c75ece521b}</UniqueIdentifier>
    </Filter>
    <Filter Include="Source Files\Core_CubeIDE">
      <UniqueIdentifier>{cedffa56-9410-4514-91f0-d6b6d2776dba}</UniqueIdentifier>
    </Filter>
    <Filter Include="Source Files\Core_CubeIDE\Inc">
      <UniqueIdentifier>{cd666100-9f8d-4016-814c-a47f6e805e4b}</UniqueIdentifier>
    </Filter>
    <Filter Include="Source Files\Core_CubeIDE\Src">
      <UniqueIdentifier>{c3871673-0185-4f42-a43d-0f2797f1876c}</UniqueIdentifier>
    </Filter>
    <Filter Include="Source Files\Components\SoarDebug\Inc">
      <UniqueIdentifier>{987b358d-9b93-4180-9409-db43f59fad24}</UniqueIdentifier>
    </Filter>
    <Filter Include="Source Files\Components\FlightControl">
      <UniqueIdentifier>{5fd20c94-3e9e-4366-9f65-d6cb9e67deb5}</UniqueIdentifier>
    </Filter>
    <Filter Include="Source Files\Components\FlightControl\Inc">
      <UniqueIdentifier>{521f33f6-956a-4b0f-8751-e7f1d6295574}</UniqueIdentifier>
    </Filter>
    <Filter Include="Source Files\Components\Communication">
      <UniqueIdentifier>{2f67f104-8f51-424d-9afd-f4852bb2358e}</UniqueIdentifier>
    </Filter>
    <Filter Include="Source Files\Components\Communication\Inc">
      <UniqueIdentifier>{bb4a71ab-b042-4209-b1c5-5a3760756c6c}</UniqueIdentifier>
    </Filter>
  </ItemGroup>
  <ItemGroup>
    <ClCompile Include="AvionicsSoftware.cpp">
      <Filter>Source Files</Filter>
    </ClCompile>
    <ClCompile Include="..\..\Components\Core\Task.cpp">
      <Filter>Source Files\Components\Core</Filter>
    </ClCompile>
    <ClCompile Include="..\..\Core\Src\stm32f4xx_hal_timebase_tim.c">
      <Filter>Source Files\Core_RTOS</Filter>
    </ClCompile>
    <ClCompile Include="..\..\Core\Src\stm32f4xx_it.c">
      <Filter>Source Files\Core_RTOS</Filter>
    </ClCompile>
    <ClCompile Include="..\..\Core\Src\system_stm32f4xx.c">
      <Filter>Source Files\Core_RTOS</Filter>
    </ClCompile>
    <ClCompile Include="..\..\Core\Src\freertos.c">
      <Filter>Source Files\Core_RTOS</Filter>
    </ClCompile>
    <ClCompile Include="..\..\Core\Src\stm32f4xx_hal_msp.c">
      <Filter>Source Files\Core_RTOS</Filter>
    </ClCompile>
    <ClCompile Include="..\..\Components\Core\Queue.cpp">
      <Filter>Source Files\Components\Core</Filter>
    </ClCompile>
    <ClCompile Include="..\..\Components\Core\Command.cpp">
      <Filter>Source Files\Components\Core</Filter>
    </ClCompile>
    <ClCompile Include="..\..\Middlewares\Third_Party\FreeRTOS\Source\CMSIS_RTOS\cmsis_os.c">
      <Filter>Source Files\Core_RTOS</Filter>
    </ClCompile>
    <ClCompile Include="..\..\Middlewares\Third_Party\FreeRTOS\Source\croutine.c">
      <Filter>Source Files\Core_RTOS</Filter>
    </ClCompile>
    <ClCompile Include="..\..\Middlewares\Third_Party\FreeRTOS\Source\event_groups.c">
      <Filter>Source Files\Core_RTOS</Filter>
    </ClCompile>
    <ClCompile Include="..\..\Middlewares\Third_Party\FreeRTOS\Source\list.c">
      <Filter>Source Files\Core_RTOS</Filter>
    </ClCompile>
    <ClCompile Include="..\..\Middlewares\Third_Party\FreeRTOS\Source\portable\GCC\ARM_CM4F\port.c">
      <Filter>Source Files\Core_RTOS</Filter>
    </ClCompile>
    <ClCompile Include="..\..\Middlewares\Third_Party\FreeRTOS\Source\portable\MemMang\heap_4.c">
      <Filter>Source Files\Core_RTOS</Filter>
    </ClCompile>
    <ClCompile Include="..\..\Middlewares\Third_Party\FreeRTOS\Source\queue.c">
      <Filter>Source Files\Core_RTOS</Filter>
    </ClCompile>
    <ClCompile Include="..\..\Middlewares\Third_Party\FreeRTOS\Source\stream_buffer.c">
      <Filter>Source Files\Core_RTOS</Filter>
    </ClCompile>
    <ClCompile Include="..\..\Middlewares\Third_Party\FreeRTOS\Source\tasks.c">
      <Filter>Source Files\Core_RTOS</Filter>
    </ClCompile>
    <ClCompile Include="..\..\Middlewares\Third_Party\FreeRTOS\Source\timers.c">
      <Filter>Source Files\Core_RTOS</Filter>
    </ClCompile>
    <ClCompile Include="..\..\Drivers\STM32F4xx_HAL_Driver\Src\stm32f4xx_hal.c">
      <Filter>Source Files\Core_RTOS</Filter>
    </ClCompile>
    <ClCompile Include="..\..\Drivers\STM32F4xx_HAL_Driver\Src\stm32f4xx_hal_adc.c">
      <Filter>Source Files\Core_RTOS</Filter>
    </ClCompile>
    <ClCompile Include="..\..\Drivers\STM32F4xx_HAL_Driver\Src\stm32f4xx_hal_adc_ex.c">
      <Filter>Source Files\Core_RTOS</Filter>
    </ClCompile>
    <ClCompile Include="..\..\Drivers\STM32F4xx_HAL_Driver\Src\stm32f4xx_hal_cortex.c">
      <Filter>Source Files\Core_RTOS</Filter>
    </ClCompile>
    <ClCompile Include="..\..\Drivers\STM32F4xx_HAL_Driver\Src\stm32f4xx_hal_crc.c">
      <Filter>Source Files\Core_RTOS</Filter>
    </ClCompile>
    <ClCompile Include="..\..\Drivers\STM32F4xx_HAL_Driver\Src\stm32f4xx_hal_dma.c">
      <Filter>Source Files\Core_RTOS</Filter>
    </ClCompile>
    <ClCompile Include="..\..\Drivers\STM32F4xx_HAL_Driver\Src\stm32f4xx_hal_dma_ex.c">
      <Filter>Source Files\Core_RTOS</Filter>
    </ClCompile>
    <ClCompile Include="..\..\Drivers\STM32F4xx_HAL_Driver\Src\stm32f4xx_hal_exti.c">
      <Filter>Source Files\Core_RTOS</Filter>
    </ClCompile>
    <ClCompile Include="..\..\Drivers\STM32F4xx_HAL_Driver\Src\stm32f4xx_hal_flash.c">
      <Filter>Source Files\Core_RTOS</Filter>
    </ClCompile>
    <ClCompile Include="..\..\Drivers\STM32F4xx_HAL_Driver\Src\stm32f4xx_hal_flash_ex.c">
      <Filter>Source Files\Core_RTOS</Filter>
    </ClCompile>
    <ClCompile Include="..\..\Drivers\STM32F4xx_HAL_Driver\Src\stm32f4xx_hal_flash_ramfunc.c">
      <Filter>Source Files\Core_RTOS</Filter>
    </ClCompile>
    <ClCompile Include="..\..\Drivers\STM32F4xx_HAL_Driver\Src\stm32f4xx_hal_gpio.c">
      <Filter>Source Files\Core_RTOS</Filter>
    </ClCompile>
    <ClCompile Include="..\..\Drivers\STM32F4xx_HAL_Driver\Src\stm32f4xx_hal_i2c.c">
      <Filter>Source Files\Core_RTOS</Filter>
    </ClCompile>
    <ClCompile Include="..\..\Drivers\STM32F4xx_HAL_Driver\Src\stm32f4xx_hal_i2c_ex.c">
      <Filter>Source Files\Core_RTOS</Filter>
    </ClCompile>
    <ClCompile Include="..\..\Drivers\STM32F4xx_HAL_Driver\Src\stm32f4xx_hal_pwr.c">
      <Filter>Source Files\Core_RTOS</Filter>
    </ClCompile>
    <ClCompile Include="..\..\Drivers\STM32F4xx_HAL_Driver\Src\stm32f4xx_hal_pwr_ex.c">
      <Filter>Source Files\Core_RTOS</Filter>
    </ClCompile>
    <ClCompile Include="..\..\Drivers\STM32F4xx_HAL_Driver\Src\stm32f4xx_hal_rcc.c">
      <Filter>Source Files\Core_RTOS</Filter>
    </ClCompile>
    <ClCompile Include="..\..\Drivers\STM32F4xx_HAL_Driver\Src\stm32f4xx_hal_rcc_ex.c">
      <Filter>Source Files\Core_RTOS</Filter>
    </ClCompile>
    <ClCompile Include="..\..\Drivers\STM32F4xx_HAL_Driver\Src\stm32f4xx_hal_spi.c">
      <Filter>Source Files\Core_RTOS</Filter>
    </ClCompile>
    <ClCompile Include="..\..\Drivers\STM32F4xx_HAL_Driver\Src\stm32f4xx_hal_tim.c">
      <Filter>Source Files\Core_RTOS</Filter>
    </ClCompile>
    <ClCompile Include="..\..\Drivers\STM32F4xx_HAL_Driver\Src\stm32f4xx_hal_tim_ex.c">
      <Filter>Source Files\Core_RTOS</Filter>
    </ClCompile>
    <ClCompile Include="..\..\Drivers\STM32F4xx_HAL_Driver\Src\stm32f4xx_hal_uart.c">
      <Filter>Source Files\Core_RTOS</Filter>
    </ClCompile>
    <ClCompile Include="..\..\Drivers\STM32F4xx_HAL_Driver\Src\stm32f4xx_ll_adc.c">
      <Filter>Source Files\Core_RTOS</Filter>
    </ClCompile>
    <ClCompile Include="..\..\Components\main_avionics.cpp">
      <Filter>Source Files\Components</Filter>
    </ClCompile>
    <ClCompile Include="..\..\Core\Src\main.cpp">
      <Filter>Source Files\Core_CubeIDE\Src</Filter>
    </ClCompile>
    <ClCompile Include="..\..\Components\SoarDebug\DebugTask.cpp">
      <Filter>Source Files\Components\SoarDebug</Filter>
    </ClCompile>
    <ClCompile Include="..\..\Components\SoarDebug\Utils.cpp">
      <Filter>Source Files\Components\SoarDebug</Filter>
    </ClCompile>
    <ClCompile Include="..\..\Components\FlightControl\FlightTask.cpp">
      <Filter>Source Files\Components\FlightControl</Filter>
    </ClCompile>
    <ClCompile Include="..\..\Components\Core\Mutex.cpp">
      <Filter>Source Files\Components\Core</Filter>
    </ClCompile>
    <ClCompile Include="..\..\Components\Core\Timer.cpp">
      <Filter>Source Files\Components\Core</Filter>
    </ClCompile>
    <ClCompile Include="..\..\Components\Communication\UARTTask.cpp">
      <Filter>Source Files\Components\Communication</Filter>
    </ClCompile>
  </ItemGroup>
  <ItemGroup>
    <ClInclude Include="..\..\Components\Core\Inc\Task.hpp">
      <Filter>Source Files\Components\Core\Inc</Filter>
    </ClInclude>
    <ClInclude Include="..\..\Core\Inc\stm32f4xx_it.h">
      <Filter>Source Files\Core_RTOS</Filter>
    </ClInclude>
    <ClInclude Include="..\..\Core\Inc\FreeRTOSConfig.h">
      <Filter>Source Files\Core_RTOS</Filter>
    </ClInclude>
    <ClInclude Include="..\..\Core\Inc\stm32f4xx_hal_conf.h">
      <Filter>Source Files\Core_RTOS</Filter>
    </ClInclude>
    <ClInclude Include="..\..\Components\Core\Inc\Queue.hpp">
      <Filter>Source Files\Components\Core\Inc</Filter>
    </ClInclude>
    <ClInclude Include="..\..\Components\Core\Inc\Command.hpp">
      <Filter>Source Files\Components\Core\Inc</Filter>
    </ClInclude>
    <ClInclude Include="..\..\Middlewares\Third_Party\FreeRTOS\Source\CMSIS_RTOS\cmsis_os.h">
      <Filter>Source Files\Core_RTOS</Filter>
    </ClInclude>
    <ClInclude Include="..\..\Middlewares\Third_Party\FreeRTOS\Source\include\atomic.h">
      <Filter>Source Files\Core_RTOS</Filter>
    </ClInclude>
    <ClInclude Include="..\..\Middlewares\Third_Party\FreeRTOS\Source\include\croutine.h">
      <Filter>Source Files\Core_RTOS</Filter>
    </ClInclude>
    <ClInclude Include="..\..\Middlewares\Third_Party\FreeRTOS\Source\include\deprecated_definitions.h">
      <Filter>Source Files\Core_RTOS</Filter>
    </ClInclude>
    <ClInclude Include="..\..\Middlewares\Third_Party\FreeRTOS\Source\include\event_groups.h">
      <Filter>Source Files\Core_RTOS</Filter>
    </ClInclude>
    <ClInclude Include="..\..\Middlewares\Third_Party\FreeRTOS\Source\include\FreeRTOS.h">
      <Filter>Source Files\Core_RTOS</Filter>
    </ClInclude>
    <ClInclude Include="..\..\Middlewares\Third_Party\FreeRTOS\Source\include\list.h">
      <Filter>Source Files\Core_RTOS</Filter>
    </ClInclude>
    <ClInclude Include="..\..\Middlewares\Third_Party\FreeRTOS\Source\include\message_buffer.h">
      <Filter>Source Files\Core_RTOS</Filter>
    </ClInclude>
    <ClInclude Include="..\..\Middlewares\Third_Party\FreeRTOS\Source\include\mpu_prototypes.h">
      <Filter>Source Files\Core_RTOS</Filter>
    </ClInclude>
    <ClInclude Include="..\..\Middlewares\Third_Party\FreeRTOS\Source\include\mpu_wrappers.h">
      <Filter>Source Files\Core_RTOS</Filter>
    </ClInclude>
    <ClInclude Include="..\..\Middlewares\Third_Party\FreeRTOS\Source\include\portable.h">
      <Filter>Source Files\Core_RTOS</Filter>
    </ClInclude>
    <ClInclude Include="..\..\Middlewares\Third_Party\FreeRTOS\Source\include\projdefs.h">
      <Filter>Source Files\Core_RTOS</Filter>
    </ClInclude>
    <ClInclude Include="..\..\Middlewares\Third_Party\FreeRTOS\Source\include\queue.h">
      <Filter>Source Files\Core_RTOS</Filter>
    </ClInclude>
    <ClInclude Include="..\..\Middlewares\Third_Party\FreeRTOS\Source\include\semphr.h">
      <Filter>Source Files\Core_RTOS</Filter>
    </ClInclude>
    <ClInclude Include="..\..\Middlewares\Third_Party\FreeRTOS\Source\include\StackMacros.h">
      <Filter>Source Files\Core_RTOS</Filter>
    </ClInclude>
    <ClInclude Include="..\..\Middlewares\Third_Party\FreeRTOS\Source\include\stack_macros.h">
      <Filter>Source Files\Core_RTOS</Filter>
    </ClInclude>
    <ClInclude Include="..\..\Middlewares\Third_Party\FreeRTOS\Source\include\stream_buffer.h">
      <Filter>Source Files\Core_RTOS</Filter>
    </ClInclude>
    <ClInclude Include="..\..\Middlewares\Third_Party\FreeRTOS\Source\include\task.h">
      <Filter>Source Files\Core_RTOS</Filter>
    </ClInclude>
    <ClInclude Include="..\..\Middlewares\Third_Party\FreeRTOS\Source\include\timers.h">
      <Filter>Source Files\Core_RTOS</Filter>
    </ClInclude>
    <ClInclude Include="..\..\Middlewares\Third_Party\FreeRTOS\Source\portable\GCC\ARM_CM4F\portmacro.h">
      <Filter>Source Files\Core_RTOS</Filter>
    </ClInclude>
    <ClInclude Include="..\..\Drivers\CMSIS\Device\ST\STM32F4xx\Include\stm32f405xx.h">
      <Filter>Source Files\Core_RTOS</Filter>
    </ClInclude>
    <ClInclude Include="..\..\Drivers\CMSIS\Device\ST\STM32F4xx\Include\stm32f4xx.h">
      <Filter>Source Files\Core_RTOS</Filter>
    </ClInclude>
    <ClInclude Include="..\..\Drivers\CMSIS\Device\ST\STM32F4xx\Include\system_stm32f4xx.h">
      <Filter>Source Files\Core_RTOS</Filter>
    </ClInclude>
    <ClInclude Include="..\..\Drivers\CMSIS\Include\cmsis_armcc.h">
      <Filter>Source Files\Core_RTOS</Filter>
    </ClInclude>
    <ClInclude Include="..\..\Drivers\CMSIS\Include\cmsis_armclang.h">
      <Filter>Source Files\Core_RTOS</Filter>
    </ClInclude>
    <ClInclude Include="..\..\Drivers\CMSIS\Include\cmsis_compiler.h">
      <Filter>Source Files\Core_RTOS</Filter>
    </ClInclude>
    <ClInclude Include="..\..\Drivers\CMSIS\Include\cmsis_gcc.h">
      <Filter>Source Files\Core_RTOS</Filter>
    </ClInclude>
    <ClInclude Include="..\..\Drivers\CMSIS\Include\cmsis_iccarm.h">
      <Filter>Source Files\Core_RTOS</Filter>
    </ClInclude>
    <ClInclude Include="..\..\Drivers\CMSIS\Include\cmsis_version.h">
      <Filter>Source Files\Core_RTOS</Filter>
    </ClInclude>
    <ClInclude Include="..\..\Drivers\CMSIS\Include\core_armv8mbl.h">
      <Filter>Source Files\Core_RTOS</Filter>
    </ClInclude>
    <ClInclude Include="..\..\Drivers\CMSIS\Include\core_armv8mml.h">
      <Filter>Source Files\Core_RTOS</Filter>
    </ClInclude>
    <ClInclude Include="..\..\Drivers\CMSIS\Include\core_cm0.h">
      <Filter>Source Files\Core_RTOS</Filter>
    </ClInclude>
    <ClInclude Include="..\..\Drivers\CMSIS\Include\core_cm0plus.h">
      <Filter>Source Files\Core_RTOS</Filter>
    </ClInclude>
    <ClInclude Include="..\..\Drivers\CMSIS\Include\core_cm1.h">
      <Filter>Source Files\Core_RTOS</Filter>
    </ClInclude>
    <ClInclude Include="..\..\Drivers\CMSIS\Include\core_cm23.h">
      <Filter>Source Files\Core_RTOS</Filter>
    </ClInclude>
    <ClInclude Include="..\..\Drivers\CMSIS\Include\core_cm3.h">
      <Filter>Source Files\Core_RTOS</Filter>
    </ClInclude>
    <ClInclude Include="..\..\Drivers\CMSIS\Include\core_cm33.h">
      <Filter>Source Files\Core_RTOS</Filter>
    </ClInclude>
    <ClInclude Include="..\..\Drivers\CMSIS\Include\core_cm4.h">
      <Filter>Source Files\Core_RTOS</Filter>
    </ClInclude>
    <ClInclude Include="..\..\Drivers\CMSIS\Include\core_cm7.h">
      <Filter>Source Files\Core_RTOS</Filter>
    </ClInclude>
    <ClInclude Include="..\..\Drivers\CMSIS\Include\core_sc000.h">
      <Filter>Source Files\Core_RTOS</Filter>
    </ClInclude>
    <ClInclude Include="..\..\Drivers\CMSIS\Include\core_sc300.h">
      <Filter>Source Files\Core_RTOS</Filter>
    </ClInclude>
    <ClInclude Include="..\..\Drivers\CMSIS\Include\mpu_armv7.h">
      <Filter>Source Files\Core_RTOS</Filter>
    </ClInclude>
    <ClInclude Include="..\..\Drivers\CMSIS\Include\mpu_armv8.h">
      <Filter>Source Files\Core_RTOS</Filter>
    </ClInclude>
    <ClInclude Include="..\..\Drivers\CMSIS\Include\tz_context.h">
      <Filter>Source Files\Core_RTOS</Filter>
    </ClInclude>
    <ClInclude Include="..\..\Drivers\STM32F4xx_HAL_Driver\Inc\Legacy\stm32_hal_legacy.h">
      <Filter>Source Files\Core_RTOS</Filter>
    </ClInclude>
    <ClInclude Include="..\..\Drivers\STM32F4xx_HAL_Driver\Inc\stm32f4xx_hal.h">
      <Filter>Source Files\Core_RTOS</Filter>
    </ClInclude>
    <ClInclude Include="..\..\Drivers\STM32F4xx_HAL_Driver\Inc\stm32f4xx_hal_adc.h">
      <Filter>Source Files\Core_RTOS</Filter>
    </ClInclude>
    <ClInclude Include="..\..\Drivers\STM32F4xx_HAL_Driver\Inc\stm32f4xx_hal_adc_ex.h">
      <Filter>Source Files\Core_RTOS</Filter>
    </ClInclude>
    <ClInclude Include="..\..\Drivers\STM32F4xx_HAL_Driver\Inc\stm32f4xx_hal_cortex.h">
      <Filter>Source Files\Core_RTOS</Filter>
    </ClInclude>
    <ClInclude Include="..\..\Drivers\STM32F4xx_HAL_Driver\Inc\stm32f4xx_hal_crc.h">
      <Filter>Source Files\Core_RTOS</Filter>
    </ClInclude>
    <ClInclude Include="..\..\Drivers\STM32F4xx_HAL_Driver\Inc\stm32f4xx_hal_def.h">
      <Filter>Source Files\Core_RTOS</Filter>
    </ClInclude>
    <ClInclude Include="..\..\Drivers\STM32F4xx_HAL_Driver\Inc\stm32f4xx_hal_dma.h">
      <Filter>Source Files\Core_RTOS</Filter>
    </ClInclude>
    <ClInclude Include="..\..\Drivers\STM32F4xx_HAL_Driver\Inc\stm32f4xx_hal_dma_ex.h">
      <Filter>Source Files\Core_RTOS</Filter>
    </ClInclude>
    <ClInclude Include="..\..\Drivers\STM32F4xx_HAL_Driver\Inc\stm32f4xx_hal_exti.h">
      <Filter>Source Files\Core_RTOS</Filter>
    </ClInclude>
    <ClInclude Include="..\..\Drivers\STM32F4xx_HAL_Driver\Inc\stm32f4xx_hal_flash.h">
      <Filter>Source Files\Core_RTOS</Filter>
    </ClInclude>
    <ClInclude Include="..\..\Drivers\STM32F4xx_HAL_Driver\Inc\stm32f4xx_hal_flash_ex.h">
      <Filter>Source Files\Core_RTOS</Filter>
    </ClInclude>
    <ClInclude Include="..\..\Drivers\STM32F4xx_HAL_Driver\Inc\stm32f4xx_hal_flash_ramfunc.h">
      <Filter>Source Files\Core_RTOS</Filter>
    </ClInclude>
    <ClInclude Include="..\..\Drivers\STM32F4xx_HAL_Driver\Inc\stm32f4xx_hal_gpio.h">
      <Filter>Source Files\Core_RTOS</Filter>
    </ClInclude>
    <ClInclude Include="..\..\Drivers\STM32F4xx_HAL_Driver\Inc\stm32f4xx_hal_gpio_ex.h">
      <Filter>Source Files\Core_RTOS</Filter>
    </ClInclude>
    <ClInclude Include="..\..\Drivers\STM32F4xx_HAL_Driver\Inc\stm32f4xx_hal_i2c.h">
      <Filter>Source Files\Core_RTOS</Filter>
    </ClInclude>
    <ClInclude Include="..\..\Drivers\STM32F4xx_HAL_Driver\Inc\stm32f4xx_hal_i2c_ex.h">
      <Filter>Source Files\Core_RTOS</Filter>
    </ClInclude>
    <ClInclude Include="..\..\Drivers\STM32F4xx_HAL_Driver\Inc\stm32f4xx_hal_pwr.h">
      <Filter>Source Files\Core_RTOS</Filter>
    </ClInclude>
    <ClInclude Include="..\..\Drivers\STM32F4xx_HAL_Driver\Inc\stm32f4xx_hal_pwr_ex.h">
      <Filter>Source Files\Core_RTOS</Filter>
    </ClInclude>
    <ClInclude Include="..\..\Drivers\STM32F4xx_HAL_Driver\Inc\stm32f4xx_hal_rcc.h">
      <Filter>Source Files\Core_RTOS</Filter>
    </ClInclude>
    <ClInclude Include="..\..\Drivers\STM32F4xx_HAL_Driver\Inc\stm32f4xx_hal_rcc_ex.h">
      <Filter>Source Files\Core_RTOS</Filter>
    </ClInclude>
    <ClInclude Include="..\..\Drivers\STM32F4xx_HAL_Driver\Inc\stm32f4xx_hal_spi.h">
      <Filter>Source Files\Core_RTOS</Filter>
    </ClInclude>
    <ClInclude Include="..\..\Drivers\STM32F4xx_HAL_Driver\Inc\stm32f4xx_hal_tim.h">
      <Filter>Source Files\Core_RTOS</Filter>
    </ClInclude>
    <ClInclude Include="..\..\Drivers\STM32F4xx_HAL_Driver\Inc\stm32f4xx_hal_tim_ex.h">
      <Filter>Source Files\Core_RTOS</Filter>
    </ClInclude>
    <ClInclude Include="..\..\Drivers\STM32F4xx_HAL_Driver\Inc\stm32f4xx_hal_uart.h">
      <Filter>Source Files\Core_RTOS</Filter>
    </ClInclude>
    <ClInclude Include="..\..\Drivers\STM32F4xx_HAL_Driver\Inc\stm32f4xx_ll_adc.h">
      <Filter>Source Files\Core_RTOS</Filter>
    </ClInclude>
    <ClInclude Include="..\..\Drivers\STM32F4xx_HAL_Driver\Inc\stm32f4xx_ll_bus.h">
      <Filter>Source Files\Core_RTOS</Filter>
    </ClInclude>
    <ClInclude Include="..\..\Drivers\STM32F4xx_HAL_Driver\Inc\stm32f4xx_ll_cortex.h">
      <Filter>Source Files\Core_RTOS</Filter>
    </ClInclude>
    <ClInclude Include="..\..\Drivers\STM32F4xx_HAL_Driver\Inc\stm32f4xx_ll_crc.h">
      <Filter>Source Files\Core_RTOS</Filter>
    </ClInclude>
    <ClInclude Include="..\..\Drivers\STM32F4xx_HAL_Driver\Inc\stm32f4xx_ll_dma.h">
      <Filter>Source Files\Core_RTOS</Filter>
    </ClInclude>
    <ClInclude Include="..\..\Drivers\STM32F4xx_HAL_Driver\Inc\stm32f4xx_ll_exti.h">
      <Filter>Source Files\Core_RTOS</Filter>
    </ClInclude>
    <ClInclude Include="..\..\Drivers\STM32F4xx_HAL_Driver\Inc\stm32f4xx_ll_gpio.h">
      <Filter>Source Files\Core_RTOS</Filter>
    </ClInclude>
    <ClInclude Include="..\..\Drivers\STM32F4xx_HAL_Driver\Inc\stm32f4xx_ll_i2c.h">
      <Filter>Source Files\Core_RTOS</Filter>
    </ClInclude>
    <ClInclude Include="..\..\Drivers\STM32F4xx_HAL_Driver\Inc\stm32f4xx_ll_pwr.h">
      <Filter>Source Files\Core_RTOS</Filter>
    </ClInclude>
    <ClInclude Include="..\..\Drivers\STM32F4xx_HAL_Driver\Inc\stm32f4xx_ll_rcc.h">
      <Filter>Source Files\Core_RTOS</Filter>
    </ClInclude>
    <ClInclude Include="..\..\Drivers\STM32F4xx_HAL_Driver\Inc\stm32f4xx_ll_system.h">
      <Filter>Source Files\Core_RTOS</Filter>
    </ClInclude>
    <ClInclude Include="..\..\Drivers\STM32F4xx_HAL_Driver\Inc\stm32f4xx_ll_usart.h">
      <Filter>Source Files\Core_RTOS</Filter>
    </ClInclude>
    <ClInclude Include="..\..\Drivers\STM32F4xx_HAL_Driver\Inc\stm32f4xx_ll_utils.h">
      <Filter>Source Files\Core_RTOS</Filter>
    </ClInclude>
    <ClInclude Include="..\..\Components\main_avionics.hpp">
      <Filter>Source Files\Components</Filter>
    </ClInclude>
    <ClInclude Include="..\..\Components\SystemDefines.hpp">
      <Filter>Source Files\Components</Filter>
    </ClInclude>
    <ClInclude Include="..\..\Core\Inc\main.h">
      <Filter>Source Files\Core_CubeIDE\Inc</Filter>
    </ClInclude>
    <ClInclude Include="..\..\Components\GPIO.hpp">
      <Filter>Source Files\Components</Filter>
    </ClInclude>
    <ClInclude Include="..\..\Components\FlightControl\Inc\FlightTask.hpp">
      <Filter>Source Files\Components\FlightControl\Inc</Filter>
    </ClInclude>
    <ClInclude Include="..\..\Components\Core\Inc\Mutex.hpp">
      <Filter>Source Files\Components\Core\Inc</Filter>
    </ClInclude>
    <ClInclude Include="..\..\Components\Core\Inc\Timer.hpp">
      <Filter>Source Files\Components\Core\Inc</Filter>
    </ClInclude>
    <ClInclude Include="..\..\Components\Communication\Inc\UARTTask.hpp">
      <Filter>Source Files\Components\Communication\Inc</Filter>
    </ClInclude>
    <ClInclude Include="..\..\Components\SoarDebug\Inc\Data.h">
      <Filter>Source Files\Components\SoarDebug\Inc</Filter>
    </ClInclude>
    <ClInclude Include="..\..\Components\SoarDebug\Inc\DebugTask.hpp">
      <Filter>Source Files\Components\SoarDebug\Inc</Filter>
    </ClInclude>
    <ClInclude Include="..\..\Components\SoarDebug\Inc\Utils.h">
      <Filter>Source Files\Components\SoarDebug\Inc</Filter>
    </ClInclude>
  </ItemGroup>
</Project>